// !$*UTF8*$!
{
	archiveVersion = 1;
	classes = {
	};
	objectVersion = 56;
	objects = {

/* Begin PBXBuildFile section */
		7E02472E2996103400EECAA9 /* DetailPokemonViewController.swift in Sources */ = {isa = PBXBuildFile; fileRef = 7E02472D2996103400EECAA9 /* DetailPokemonViewController.swift */; };
		7E0247562996A71300EECAA9 /* AboutSubViewController.swift in Sources */ = {isa = PBXBuildFile; fileRef = 7E0247552996A71300EECAA9 /* AboutSubViewController.swift */; };
		7E0247582996A73400EECAA9 /* BaseStatSubViewController.swift in Sources */ = {isa = PBXBuildFile; fileRef = 7E0247572996A73400EECAA9 /* BaseStatSubViewController.swift */; };
		7E02475A2996A75500EECAA9 /* MovesSubViewController.swift in Sources */ = {isa = PBXBuildFile; fileRef = 7E0247592996A75500EECAA9 /* MovesSubViewController.swift */; };
		7E188239299147AC00C6CB64 /* PokemonCollectionViewCell.swift in Sources */ = {isa = PBXBuildFile; fileRef = 7E188238299147AC00C6CB64 /* PokemonCollectionViewCell.swift */; };
		7E47C377299754AE00CFFB54 /* BaseStatTableViewCell.swift in Sources */ = {isa = PBXBuildFile; fileRef = 7E47C376299754AE00CFFB54 /* BaseStatTableViewCell.swift */; };
		7E47C379299768B700CFFB54 /* MovesTableViewCell.swift in Sources */ = {isa = PBXBuildFile; fileRef = 7E47C378299768B700CFFB54 /* MovesTableViewCell.swift */; };
		7E47C3952997786900CFFB54 /* Poppins-Black.ttf in Resources */ = {isa = PBXBuildFile; fileRef = 7E47C3932997784100CFFB54 /* Poppins-Black.ttf */; };
		7E47C3962997786900CFFB54 /* Poppins-BlackItalic.ttf in Resources */ = {isa = PBXBuildFile; fileRef = 7E47C3902997784000CFFB54 /* Poppins-BlackItalic.ttf */; };
		7E47C3972997786900CFFB54 /* Poppins-Bold.ttf in Resources */ = {isa = PBXBuildFile; fileRef = 7E47C38B2997784000CFFB54 /* Poppins-Bold.ttf */; };
		7E47C3982997786900CFFB54 /* Poppins-BoldItalic.ttf in Resources */ = {isa = PBXBuildFile; fileRef = 7E47C38D2997784000CFFB54 /* Poppins-BoldItalic.ttf */; };
		7E47C3992997786900CFFB54 /* Poppins-ExtraBold.ttf in Resources */ = {isa = PBXBuildFile; fileRef = 7E47C3832997784000CFFB54 /* Poppins-ExtraBold.ttf */; };
		7E47C39A2997786900CFFB54 /* Poppins-ExtraBoldItalic.ttf in Resources */ = {isa = PBXBuildFile; fileRef = 7E47C3942997784100CFFB54 /* Poppins-ExtraBoldItalic.ttf */; };
		7E47C39B2997786900CFFB54 /* Poppins-ExtraLight.ttf in Resources */ = {isa = PBXBuildFile; fileRef = 7E47C38F2997784000CFFB54 /* Poppins-ExtraLight.ttf */; };
		7E47C39C2997786900CFFB54 /* Poppins-ExtraLightItalic.ttf in Resources */ = {isa = PBXBuildFile; fileRef = 7E47C38E2997784000CFFB54 /* Poppins-ExtraLightItalic.ttf */; };
		7E47C39D2997786900CFFB54 /* Poppins-Italic.ttf in Resources */ = {isa = PBXBuildFile; fileRef = 7E47C38A2997784000CFFB54 /* Poppins-Italic.ttf */; };
		7E47C39E2997786900CFFB54 /* Poppins-Light.ttf in Resources */ = {isa = PBXBuildFile; fileRef = 7E47C3852997784000CFFB54 /* Poppins-Light.ttf */; };
		7E47C39F2997786900CFFB54 /* Poppins-LightItalic.ttf in Resources */ = {isa = PBXBuildFile; fileRef = 7E47C3872997784000CFFB54 /* Poppins-LightItalic.ttf */; };
		7E47C3A02997786900CFFB54 /* Poppins-Medium.ttf in Resources */ = {isa = PBXBuildFile; fileRef = 7E47C3842997784000CFFB54 /* Poppins-Medium.ttf */; };
		7E47C3A12997786900CFFB54 /* Poppins-MediumItalic.ttf in Resources */ = {isa = PBXBuildFile; fileRef = 7E47C38C2997784000CFFB54 /* Poppins-MediumItalic.ttf */; };
		7E47C3A22997786900CFFB54 /* Poppins-Regular.ttf in Resources */ = {isa = PBXBuildFile; fileRef = 7E47C3882997784000CFFB54 /* Poppins-Regular.ttf */; };
		7E47C3A32997786900CFFB54 /* Poppins-SemiBold.ttf in Resources */ = {isa = PBXBuildFile; fileRef = 7E47C3862997784000CFFB54 /* Poppins-SemiBold.ttf */; };
		7E47C3A42997786900CFFB54 /* Poppins-SemiBoldItalic.ttf in Resources */ = {isa = PBXBuildFile; fileRef = 7E47C3912997784000CFFB54 /* Poppins-SemiBoldItalic.ttf */; };
		7E47C3A52997786900CFFB54 /* Poppins-Thin.ttf in Resources */ = {isa = PBXBuildFile; fileRef = 7E47C3922997784100CFFB54 /* Poppins-Thin.ttf */; };
		7E47C3A62997786900CFFB54 /* Poppins-ThinItalic.ttf in Resources */ = {isa = PBXBuildFile; fileRef = 7E47C3892997784000CFFB54 /* Poppins-ThinItalic.ttf */; };
		7E47C3AD2997791500CFFB54 /* Comfortaa-Bold.ttf in Resources */ = {isa = PBXBuildFile; fileRef = 7E47C3AA2997790D00CFFB54 /* Comfortaa-Bold.ttf */; };
		7E47C3AE2997791500CFFB54 /* Comfortaa-Light.ttf in Resources */ = {isa = PBXBuildFile; fileRef = 7E47C3A92997790D00CFFB54 /* Comfortaa-Light.ttf */; };
		7E47C3AF2997791500CFFB54 /* Comfortaa-Medium.ttf in Resources */ = {isa = PBXBuildFile; fileRef = 7E47C3AC2997790D00CFFB54 /* Comfortaa-Medium.ttf */; };
		7E47C3B02997791500CFFB54 /* Comfortaa-Regular.ttf in Resources */ = {isa = PBXBuildFile; fileRef = 7E47C3AB2997790D00CFFB54 /* Comfortaa-Regular.ttf */; };
		7E47C3B12997791500CFFB54 /* Comfortaa-SemiBold.ttf in Resources */ = {isa = PBXBuildFile; fileRef = 7E47C3A82997790D00CFFB54 /* Comfortaa-SemiBold.ttf */; };
		7E47C3B4299779C700CFFB54 /* UIFont+Extensions.swift in Sources */ = {isa = PBXBuildFile; fileRef = 7E47C3B3299779C700CFFB54 /* UIFont+Extensions.swift */; };
		7E47C3B7299788AF00CFFB54 /* APIManager.swift in Sources */ = {isa = PBXBuildFile; fileRef = 7E47C3B6299788AF00CFFB54 /* APIManager.swift */; };
		7E47C3BA2997ACC400CFFB54 /* PokemonPageResponse.swift in Sources */ = {isa = PBXBuildFile; fileRef = 7E47C3B92997ACC400CFFB54 /* PokemonPageResponse.swift */; };
		7E6F940A299010BA004B2537 /* AppDelegate.swift in Sources */ = {isa = PBXBuildFile; fileRef = 7E6F9409299010BA004B2537 /* AppDelegate.swift */; };
		7E6F940C299010BA004B2537 /* SceneDelegate.swift in Sources */ = {isa = PBXBuildFile; fileRef = 7E6F940B299010BA004B2537 /* SceneDelegate.swift */; };
		7E6F9413299010BB004B2537 /* Assets.xcassets in Resources */ = {isa = PBXBuildFile; fileRef = 7E6F9412299010BB004B2537 /* Assets.xcassets */; };
		7E6F9416299010BB004B2537 /* LaunchScreen.storyboard in Resources */ = {isa = PBXBuildFile; fileRef = 7E6F9414299010BB004B2537 /* LaunchScreen.storyboard */; };
		7E6F941F2990110E004B2537 /* HomeViewController.swift in Sources */ = {isa = PBXBuildFile; fileRef = 7E6F941E2990110E004B2537 /* HomeViewController.swift */; };
		FA782B7CA5BFA4645E496A8A /* Pods_Pokepedia.framework in Frameworks */ = {isa = PBXBuildFile; fileRef = 967540B584CE528CE2DB6A89 /* Pods_Pokepedia.framework */; };
/* End PBXBuildFile section */

/* Begin PBXCopyFilesBuildPhase section */
		7E1BC7A529940DA000A14767 /* Embed Frameworks */ = {
			isa = PBXCopyFilesBuildPhase;
			buildActionMask = 2147483647;
			dstPath = "";
			dstSubfolderSpec = 10;
			files = (
			);
			name = "Embed Frameworks";
			runOnlyForDeploymentPostprocessing = 0;
		};
/* End PBXCopyFilesBuildPhase section */

/* Begin PBXFileReference section */
		7E02472C2995E11A00EECAA9 /* Pokepedia.app */ = {isa = PBXFileReference; explicitFileType = wrapper.application; includeInIndex = 0; path = Pokepedia.app; sourceTree = BUILT_PRODUCTS_DIR; };
		7E02472D2996103400EECAA9 /* DetailPokemonViewController.swift */ = {isa = PBXFileReference; lastKnownFileType = sourcecode.swift; path = DetailPokemonViewController.swift; sourceTree = "<group>"; };
		7E0247552996A71300EECAA9 /* AboutSubViewController.swift */ = {isa = PBXFileReference; lastKnownFileType = sourcecode.swift; name = AboutSubViewController.swift; path = /Users/rivaldofez/Projects/AppleProjects/Pokepedia/Pokepedia/Controller/AboutSubViewController.swift; sourceTree = "<absolute>"; };
		7E0247572996A73400EECAA9 /* BaseStatSubViewController.swift */ = {isa = PBXFileReference; lastKnownFileType = sourcecode.swift; path = BaseStatSubViewController.swift; sourceTree = "<group>"; };
		7E0247592996A75500EECAA9 /* MovesSubViewController.swift */ = {isa = PBXFileReference; lastKnownFileType = sourcecode.swift; path = MovesSubViewController.swift; sourceTree = "<group>"; };
		7E188238299147AC00C6CB64 /* PokemonCollectionViewCell.swift */ = {isa = PBXFileReference; lastKnownFileType = sourcecode.swift; path = PokemonCollectionViewCell.swift; sourceTree = "<group>"; };
		7E47C376299754AE00CFFB54 /* BaseStatTableViewCell.swift */ = {isa = PBXFileReference; lastKnownFileType = sourcecode.swift; path = BaseStatTableViewCell.swift; sourceTree = "<group>"; };
		7E47C378299768B700CFFB54 /* MovesTableViewCell.swift */ = {isa = PBXFileReference; lastKnownFileType = sourcecode.swift; path = MovesTableViewCell.swift; sourceTree = "<group>"; };
		7E47C3832997784000CFFB54 /* Poppins-ExtraBold.ttf */ = {isa = PBXFileReference; lastKnownFileType = file; path = "Poppins-ExtraBold.ttf"; sourceTree = "<group>"; };
		7E47C3842997784000CFFB54 /* Poppins-Medium.ttf */ = {isa = PBXFileReference; lastKnownFileType = file; path = "Poppins-Medium.ttf"; sourceTree = "<group>"; };
		7E47C3852997784000CFFB54 /* Poppins-Light.ttf */ = {isa = PBXFileReference; lastKnownFileType = file; path = "Poppins-Light.ttf"; sourceTree = "<group>"; };
		7E47C3862997784000CFFB54 /* Poppins-SemiBold.ttf */ = {isa = PBXFileReference; lastKnownFileType = file; path = "Poppins-SemiBold.ttf"; sourceTree = "<group>"; };
		7E47C3872997784000CFFB54 /* Poppins-LightItalic.ttf */ = {isa = PBXFileReference; lastKnownFileType = file; path = "Poppins-LightItalic.ttf"; sourceTree = "<group>"; };
		7E47C3882997784000CFFB54 /* Poppins-Regular.ttf */ = {isa = PBXFileReference; lastKnownFileType = file; path = "Poppins-Regular.ttf"; sourceTree = "<group>"; };
		7E47C3892997784000CFFB54 /* Poppins-ThinItalic.ttf */ = {isa = PBXFileReference; lastKnownFileType = file; path = "Poppins-ThinItalic.ttf"; sourceTree = "<group>"; };
		7E47C38A2997784000CFFB54 /* Poppins-Italic.ttf */ = {isa = PBXFileReference; lastKnownFileType = file; path = "Poppins-Italic.ttf"; sourceTree = "<group>"; };
		7E47C38B2997784000CFFB54 /* Poppins-Bold.ttf */ = {isa = PBXFileReference; lastKnownFileType = file; path = "Poppins-Bold.ttf"; sourceTree = "<group>"; };
		7E47C38C2997784000CFFB54 /* Poppins-MediumItalic.ttf */ = {isa = PBXFileReference; lastKnownFileType = file; path = "Poppins-MediumItalic.ttf"; sourceTree = "<group>"; };
		7E47C38D2997784000CFFB54 /* Poppins-BoldItalic.ttf */ = {isa = PBXFileReference; lastKnownFileType = file; path = "Poppins-BoldItalic.ttf"; sourceTree = "<group>"; };
		7E47C38E2997784000CFFB54 /* Poppins-ExtraLightItalic.ttf */ = {isa = PBXFileReference; lastKnownFileType = file; path = "Poppins-ExtraLightItalic.ttf"; sourceTree = "<group>"; };
		7E47C38F2997784000CFFB54 /* Poppins-ExtraLight.ttf */ = {isa = PBXFileReference; lastKnownFileType = file; path = "Poppins-ExtraLight.ttf"; sourceTree = "<group>"; };
		7E47C3902997784000CFFB54 /* Poppins-BlackItalic.ttf */ = {isa = PBXFileReference; lastKnownFileType = file; path = "Poppins-BlackItalic.ttf"; sourceTree = "<group>"; };
		7E47C3912997784000CFFB54 /* Poppins-SemiBoldItalic.ttf */ = {isa = PBXFileReference; lastKnownFileType = file; path = "Poppins-SemiBoldItalic.ttf"; sourceTree = "<group>"; };
		7E47C3922997784100CFFB54 /* Poppins-Thin.ttf */ = {isa = PBXFileReference; lastKnownFileType = file; path = "Poppins-Thin.ttf"; sourceTree = "<group>"; };
		7E47C3932997784100CFFB54 /* Poppins-Black.ttf */ = {isa = PBXFileReference; lastKnownFileType = file; path = "Poppins-Black.ttf"; sourceTree = "<group>"; };
		7E47C3942997784100CFFB54 /* Poppins-ExtraBoldItalic.ttf */ = {isa = PBXFileReference; lastKnownFileType = file; path = "Poppins-ExtraBoldItalic.ttf"; sourceTree = "<group>"; };
		7E47C3A82997790D00CFFB54 /* Comfortaa-SemiBold.ttf */ = {isa = PBXFileReference; lastKnownFileType = file; path = "Comfortaa-SemiBold.ttf"; sourceTree = "<group>"; };
		7E47C3A92997790D00CFFB54 /* Comfortaa-Light.ttf */ = {isa = PBXFileReference; lastKnownFileType = file; path = "Comfortaa-Light.ttf"; sourceTree = "<group>"; };
		7E47C3AA2997790D00CFFB54 /* Comfortaa-Bold.ttf */ = {isa = PBXFileReference; lastKnownFileType = file; path = "Comfortaa-Bold.ttf"; sourceTree = "<group>"; };
		7E47C3AB2997790D00CFFB54 /* Comfortaa-Regular.ttf */ = {isa = PBXFileReference; lastKnownFileType = file; path = "Comfortaa-Regular.ttf"; sourceTree = "<group>"; };
		7E47C3AC2997790D00CFFB54 /* Comfortaa-Medium.ttf */ = {isa = PBXFileReference; lastKnownFileType = file; path = "Comfortaa-Medium.ttf"; sourceTree = "<group>"; };
		7E47C3B3299779C700CFFB54 /* UIFont+Extensions.swift */ = {isa = PBXFileReference; lastKnownFileType = sourcecode.swift; path = "UIFont+Extensions.swift"; sourceTree = "<group>"; };
		7E47C3B6299788AF00CFFB54 /* APIManager.swift */ = {isa = PBXFileReference; lastKnownFileType = sourcecode.swift; path = APIManager.swift; sourceTree = "<group>"; };
		7E47C3B92997ACC400CFFB54 /* PokemonPageResponse.swift */ = {isa = PBXFileReference; lastKnownFileType = sourcecode.swift; path = PokemonPageResponse.swift; sourceTree = "<group>"; };
		7E6F9409299010BA004B2537 /* AppDelegate.swift */ = {isa = PBXFileReference; lastKnownFileType = sourcecode.swift; path = AppDelegate.swift; sourceTree = "<group>"; };
		7E6F940B299010BA004B2537 /* SceneDelegate.swift */ = {isa = PBXFileReference; lastKnownFileType = sourcecode.swift; path = SceneDelegate.swift; sourceTree = "<group>"; };
		7E6F9412299010BB004B2537 /* Assets.xcassets */ = {isa = PBXFileReference; lastKnownFileType = folder.assetcatalog; path = Assets.xcassets; sourceTree = "<group>"; };
		7E6F9415299010BB004B2537 /* Base */ = {isa = PBXFileReference; lastKnownFileType = file.storyboard; name = Base; path = Base.lproj/LaunchScreen.storyboard; sourceTree = "<group>"; };
		7E6F9417299010BB004B2537 /* Info.plist */ = {isa = PBXFileReference; lastKnownFileType = text.plist.xml; path = Info.plist; sourceTree = "<group>"; };
		7E6F941E2990110E004B2537 /* HomeViewController.swift */ = {isa = PBXFileReference; lastKnownFileType = sourcecode.swift; path = HomeViewController.swift; sourceTree = "<group>"; };
		82C8DFC0597D4263B97712C1 /* Pods-Pokepedia.release.xcconfig */ = {isa = PBXFileReference; includeInIndex = 1; lastKnownFileType = text.xcconfig; name = "Pods-Pokepedia.release.xcconfig"; path = "Target Support Files/Pods-Pokepedia/Pods-Pokepedia.release.xcconfig"; sourceTree = "<group>"; };
		967540B584CE528CE2DB6A89 /* Pods_Pokepedia.framework */ = {isa = PBXFileReference; explicitFileType = wrapper.framework; includeInIndex = 0; path = Pods_Pokepedia.framework; sourceTree = BUILT_PRODUCTS_DIR; };
		B3E52203D846446712022143 /* Pods-Pokepedia.debug.xcconfig */ = {isa = PBXFileReference; includeInIndex = 1; lastKnownFileType = text.xcconfig; name = "Pods-Pokepedia.debug.xcconfig"; path = "Target Support Files/Pods-Pokepedia/Pods-Pokepedia.debug.xcconfig"; sourceTree = "<group>"; };
/* End PBXFileReference section */

/* Begin PBXFrameworksBuildPhase section */
		7E6F9403299010BA004B2537 /* Frameworks */ = {
			isa = PBXFrameworksBuildPhase;
			buildActionMask = 2147483647;
			files = (
				FA782B7CA5BFA4645E496A8A /* Pods_Pokepedia.framework in Frameworks */,
			);
			runOnlyForDeploymentPostprocessing = 0;
		};
/* End PBXFrameworksBuildPhase section */

/* Begin PBXGroup section */
		24ABAB75B678297290E11372 /* Frameworks */ = {
			isa = PBXGroup;
			children = (
				967540B584CE528CE2DB6A89 /* Pods_Pokepedia.framework */,
			);
			name = Frameworks;
			sourceTree = "<group>";
		};
		7E1882372991478400C6CB64 /* View */ = {
			isa = PBXGroup;
			children = (
				7E188238299147AC00C6CB64 /* PokemonCollectionViewCell.swift */,
				7E47C376299754AE00CFFB54 /* BaseStatTableViewCell.swift */,
				7E47C378299768B700CFFB54 /* MovesTableViewCell.swift */,
			);
			path = View;
			sourceTree = "<group>";
		};
		7E47C37A2997710300CFFB54 /* Font */ = {
			isa = PBXGroup;
			children = (
				7E47C3A72997790000CFFB54 /* Comfortaa */,
				7E47C3822997782400CFFB54 /* Poppins */,
			);
			path = Font;
			sourceTree = "<group>";
		};
		7E47C3822997782400CFFB54 /* Poppins */ = {
			isa = PBXGroup;
			children = (
				7E47C3932997784100CFFB54 /* Poppins-Black.ttf */,
				7E47C3902997784000CFFB54 /* Poppins-BlackItalic.ttf */,
				7E47C38B2997784000CFFB54 /* Poppins-Bold.ttf */,
				7E47C38D2997784000CFFB54 /* Poppins-BoldItalic.ttf */,
				7E47C3832997784000CFFB54 /* Poppins-ExtraBold.ttf */,
				7E47C3942997784100CFFB54 /* Poppins-ExtraBoldItalic.ttf */,
				7E47C38F2997784000CFFB54 /* Poppins-ExtraLight.ttf */,
				7E47C38E2997784000CFFB54 /* Poppins-ExtraLightItalic.ttf */,
				7E47C38A2997784000CFFB54 /* Poppins-Italic.ttf */,
				7E47C3852997784000CFFB54 /* Poppins-Light.ttf */,
				7E47C3872997784000CFFB54 /* Poppins-LightItalic.ttf */,
				7E47C3842997784000CFFB54 /* Poppins-Medium.ttf */,
				7E47C38C2997784000CFFB54 /* Poppins-MediumItalic.ttf */,
				7E47C3882997784000CFFB54 /* Poppins-Regular.ttf */,
				7E47C3862997784000CFFB54 /* Poppins-SemiBold.ttf */,
				7E47C3912997784000CFFB54 /* Poppins-SemiBoldItalic.ttf */,
				7E47C3922997784100CFFB54 /* Poppins-Thin.ttf */,
				7E47C3892997784000CFFB54 /* Poppins-ThinItalic.ttf */,
			);
			path = Poppins;
			sourceTree = "<group>";
		};
		7E47C3A72997790000CFFB54 /* Comfortaa */ = {
			isa = PBXGroup;
			children = (
				7E47C3AA2997790D00CFFB54 /* Comfortaa-Bold.ttf */,
				7E47C3A92997790D00CFFB54 /* Comfortaa-Light.ttf */,
				7E47C3AC2997790D00CFFB54 /* Comfortaa-Medium.ttf */,
				7E47C3AB2997790D00CFFB54 /* Comfortaa-Regular.ttf */,
				7E47C3A82997790D00CFFB54 /* Comfortaa-SemiBold.ttf */,
			);
			path = Comfortaa;
			sourceTree = "<group>";
		};
		7E47C3B2299779AA00CFFB54 /* Extension */ = {
			isa = PBXGroup;
			children = (
				7E47C3B3299779C700CFFB54 /* UIFont+Extensions.swift */,
			);
			path = Extension;
			sourceTree = "<group>";
		};
		7E47C3B52997888F00CFFB54 /* Manager */ = {
			isa = PBXGroup;
			children = (
				7E47C3B6299788AF00CFFB54 /* APIManager.swift */,
			);
			path = Manager;
			sourceTree = "<group>";
		};
		7E47C3B82997ACA200CFFB54 /* Model */ = {
			isa = PBXGroup;
			children = (
				7E47C3B92997ACC400CFFB54 /* PokemonPageResponse.swift */,
			);
			path = Model;
			sourceTree = "<group>";
		};
		7E6F93FD299010BA004B2537 = {
			isa = PBXGroup;
			children = (
				7E6F9408299010BA004B2537 /* Pokepedia */,
				B89846504221E2F2E33375BD /* Pods */,
				24ABAB75B678297290E11372 /* Frameworks */,
				7E02472C2995E11A00EECAA9 /* Pokepedia.app */,
			);
			sourceTree = "<group>";
		};
		7E6F9408299010BA004B2537 /* Pokepedia */ = {
			isa = PBXGroup;
			children = (
				7E47C3B82997ACA200CFFB54 /* Model */,
				7E47C3B52997888F00CFFB54 /* Manager */,
				7E47C3B2299779AA00CFFB54 /* Extension */,
				7E47C37A2997710300CFFB54 /* Font */,
				7E1882372991478400C6CB64 /* View */,
				7E6F941D29901100004B2537 /* Controller */,
				7E6F9409299010BA004B2537 /* AppDelegate.swift */,
				7E6F940B299010BA004B2537 /* SceneDelegate.swift */,
				7E6F9412299010BB004B2537 /* Assets.xcassets */,
				7E6F9414299010BB004B2537 /* LaunchScreen.storyboard */,
				7E6F9417299010BB004B2537 /* Info.plist */,
			);
			path = Pokepedia;
			sourceTree = "<group>";
		};
		7E6F941D29901100004B2537 /* Controller */ = {
			isa = PBXGroup;
			children = (
				7E6F941E2990110E004B2537 /* HomeViewController.swift */,
				7E02472D2996103400EECAA9 /* DetailPokemonViewController.swift */,
				7E0247552996A71300EECAA9 /* AboutSubViewController.swift */,
				7E0247572996A73400EECAA9 /* BaseStatSubViewController.swift */,
				7E0247592996A75500EECAA9 /* MovesSubViewController.swift */,
			);
			path = Controller;
			sourceTree = "<group>";
		};
		B89846504221E2F2E33375BD /* Pods */ = {
			isa = PBXGroup;
			children = (
				B3E52203D846446712022143 /* Pods-Pokepedia.debug.xcconfig */,
				82C8DFC0597D4263B97712C1 /* Pods-Pokepedia.release.xcconfig */,
			);
			path = Pods;
			sourceTree = "<group>";
		};
/* End PBXGroup section */

/* Begin PBXNativeTarget section */
		7E6F9405299010BA004B2537 /* Pokepedia */ = {
			isa = PBXNativeTarget;
			buildConfigurationList = 7E6F941A299010BB004B2537 /* Build configuration list for PBXNativeTarget "Pokepedia" */;
			buildPhases = (
				DD3CB2BD72069A5BBE2CE358 /* [CP] Check Pods Manifest.lock */,
				7E6F9402299010BA004B2537 /* Sources */,
				7E6F9403299010BA004B2537 /* Frameworks */,
				7E6F9404299010BA004B2537 /* Resources */,
				7E1BC7A529940DA000A14767 /* Embed Frameworks */,
				7F38DDC2C4EE1F722CDAD21F /* [CP] Embed Pods Frameworks */,
			);
			buildRules = (
			);
			dependencies = (
			);
			name = Pokepedia;
			productName = Pokepedia;
			productReference = 7E02472C2995E11A00EECAA9 /* Pokepedia.app */;
			productType = "com.apple.product-type.application";
		};
/* End PBXNativeTarget section */

/* Begin PBXProject section */
		7E6F93FE299010BA004B2537 /* Project object */ = {
			isa = PBXProject;
			attributes = {
				BuildIndependentTargetsInParallel = 1;
				LastSwiftUpdateCheck = 1420;
				LastUpgradeCheck = 1420;
				TargetAttributes = {
					7E6F9405299010BA004B2537 = {
						CreatedOnToolsVersion = 14.2;
					};
				};
			};
			buildConfigurationList = 7E6F9401299010BA004B2537 /* Build configuration list for PBXProject "Pokepedia" */;
			compatibilityVersion = "Xcode 14.0";
			developmentRegion = en;
			hasScannedForEncodings = 0;
			knownRegions = (
				en,
				Base,
			);
			mainGroup = 7E6F93FD299010BA004B2537;
			productRefGroup = 7E6F93FD299010BA004B2537;
			projectDirPath = "";
			projectRoot = "";
			targets = (
				7E6F9405299010BA004B2537 /* Pokepedia */,
			);
		};
/* End PBXProject section */

/* Begin PBXResourcesBuildPhase section */
		7E6F9404299010BA004B2537 /* Resources */ = {
			isa = PBXResourcesBuildPhase;
			buildActionMask = 2147483647;
			files = (
				7E47C3AD2997791500CFFB54 /* Comfortaa-Bold.ttf in Resources */,
				7E47C3AE2997791500CFFB54 /* Comfortaa-Light.ttf in Resources */,
				7E47C3AF2997791500CFFB54 /* Comfortaa-Medium.ttf in Resources */,
				7E47C3B02997791500CFFB54 /* Comfortaa-Regular.ttf in Resources */,
				7E47C3B12997791500CFFB54 /* Comfortaa-SemiBold.ttf in Resources */,
				7E47C3952997786900CFFB54 /* Poppins-Black.ttf in Resources */,
				7E47C3962997786900CFFB54 /* Poppins-BlackItalic.ttf in Resources */,
				7E47C3972997786900CFFB54 /* Poppins-Bold.ttf in Resources */,
				7E47C3982997786900CFFB54 /* Poppins-BoldItalic.ttf in Resources */,
				7E47C3992997786900CFFB54 /* Poppins-ExtraBold.ttf in Resources */,
				7E47C39A2997786900CFFB54 /* Poppins-ExtraBoldItalic.ttf in Resources */,
				7E47C39B2997786900CFFB54 /* Poppins-ExtraLight.ttf in Resources */,
				7E47C39C2997786900CFFB54 /* Poppins-ExtraLightItalic.ttf in Resources */,
				7E47C39D2997786900CFFB54 /* Poppins-Italic.ttf in Resources */,
				7E47C39E2997786900CFFB54 /* Poppins-Light.ttf in Resources */,
				7E47C39F2997786900CFFB54 /* Poppins-LightItalic.ttf in Resources */,
				7E47C3A02997786900CFFB54 /* Poppins-Medium.ttf in Resources */,
				7E47C3A12997786900CFFB54 /* Poppins-MediumItalic.ttf in Resources */,
				7E47C3A22997786900CFFB54 /* Poppins-Regular.ttf in Resources */,
				7E47C3A32997786900CFFB54 /* Poppins-SemiBold.ttf in Resources */,
				7E47C3A42997786900CFFB54 /* Poppins-SemiBoldItalic.ttf in Resources */,
				7E47C3A52997786900CFFB54 /* Poppins-Thin.ttf in Resources */,
				7E47C3A62997786900CFFB54 /* Poppins-ThinItalic.ttf in Resources */,
				7E6F9416299010BB004B2537 /* LaunchScreen.storyboard in Resources */,
				7E6F9413299010BB004B2537 /* Assets.xcassets in Resources */,
			);
			runOnlyForDeploymentPostprocessing = 0;
		};
/* End PBXResourcesBuildPhase section */

/* Begin PBXShellScriptBuildPhase section */
		7F38DDC2C4EE1F722CDAD21F /* [CP] Embed Pods Frameworks */ = {
			isa = PBXShellScriptBuildPhase;
			buildActionMask = 2147483647;
			files = (
			);
			inputFileListPaths = (
				"${PODS_ROOT}/Target Support Files/Pods-Pokepedia/Pods-Pokepedia-frameworks-${CONFIGURATION}-input-files.xcfilelist",
			);
			name = "[CP] Embed Pods Frameworks";
			outputFileListPaths = (
				"${PODS_ROOT}/Target Support Files/Pods-Pokepedia/Pods-Pokepedia-frameworks-${CONFIGURATION}-output-files.xcfilelist",
			);
			runOnlyForDeploymentPostprocessing = 0;
			shellPath = /bin/sh;
			shellScript = "\"${PODS_ROOT}/Target Support Files/Pods-Pokepedia/Pods-Pokepedia-frameworks.sh\"\n";
			showEnvVarsInLog = 0;
		};
		DD3CB2BD72069A5BBE2CE358 /* [CP] Check Pods Manifest.lock */ = {
			isa = PBXShellScriptBuildPhase;
			buildActionMask = 2147483647;
			files = (
			);
			inputFileListPaths = (
			);
			inputPaths = (
				"${PODS_PODFILE_DIR_PATH}/Podfile.lock",
				"${PODS_ROOT}/Manifest.lock",
			);
			name = "[CP] Check Pods Manifest.lock";
			outputFileListPaths = (
			);
			outputPaths = (
				"$(DERIVED_FILE_DIR)/Pods-Pokepedia-checkManifestLockResult.txt",
			);
			runOnlyForDeploymentPostprocessing = 0;
			shellPath = /bin/sh;
			shellScript = "diff \"${PODS_PODFILE_DIR_PATH}/Podfile.lock\" \"${PODS_ROOT}/Manifest.lock\" > /dev/null\nif [ $? != 0 ] ; then\n    # print error to STDERR\n    echo \"error: The sandbox is not in sync with the Podfile.lock. Run 'pod install' or update your CocoaPods installation.\" >&2\n    exit 1\nfi\n# This output is used by Xcode 'outputs' to avoid re-running this script phase.\necho \"SUCCESS\" > \"${SCRIPT_OUTPUT_FILE_0}\"\n";
			showEnvVarsInLog = 0;
		};
/* End PBXShellScriptBuildPhase section */

/* Begin PBXSourcesBuildPhase section */
		7E6F9402299010BA004B2537 /* Sources */ = {
			isa = PBXSourcesBuildPhase;
			buildActionMask = 2147483647;
			files = (
				7E47C3B7299788AF00CFFB54 /* APIManager.swift in Sources */,
				7E6F940A299010BA004B2537 /* AppDelegate.swift in Sources */,
				7E02472E2996103400EECAA9 /* DetailPokemonViewController.swift in Sources */,
				7E0247582996A73400EECAA9 /* BaseStatSubViewController.swift in Sources */,
				7E6F940C299010BA004B2537 /* SceneDelegate.swift in Sources */,
				7E47C379299768B700CFFB54 /* MovesTableViewCell.swift in Sources */,
				7E188239299147AC00C6CB64 /* PokemonCollectionViewCell.swift in Sources */,
				7E47C3BA2997ACC400CFFB54 /* PokemonPageResponse.swift in Sources */,
				7E47C377299754AE00CFFB54 /* BaseStatTableViewCell.swift in Sources */,
				7E02475A2996A75500EECAA9 /* MovesSubViewController.swift in Sources */,
				7E6F941F2990110E004B2537 /* HomeViewController.swift in Sources */,
				7E47C3B4299779C700CFFB54 /* UIFont+Extensions.swift in Sources */,
				7E0247562996A71300EECAA9 /* AboutSubViewController.swift in Sources */,
			);
			runOnlyForDeploymentPostprocessing = 0;
		};
/* End PBXSourcesBuildPhase section */

/* Begin PBXVariantGroup section */
		7E6F9414299010BB004B2537 /* LaunchScreen.storyboard */ = {
			isa = PBXVariantGroup;
			children = (
				7E6F9415299010BB004B2537 /* Base */,
			);
			name = LaunchScreen.storyboard;
			sourceTree = "<group>";
		};
/* End PBXVariantGroup section */

/* Begin XCBuildConfiguration section */
		7E6F9418299010BB004B2537 /* Debug */ = {
			isa = XCBuildConfiguration;
			buildSettings = {
				ALWAYS_SEARCH_USER_PATHS = NO;
				CLANG_ANALYZER_NONNULL = YES;
				CLANG_ANALYZER_NUMBER_OBJECT_CONVERSION = YES_AGGRESSIVE;
				CLANG_CXX_LANGUAGE_STANDARD = "gnu++20";
				CLANG_ENABLE_MODULES = YES;
				CLANG_ENABLE_OBJC_ARC = YES;
				CLANG_ENABLE_OBJC_WEAK = YES;
				CLANG_WARN_BLOCK_CAPTURE_AUTORELEASING = YES;
				CLANG_WARN_BOOL_CONVERSION = YES;
				CLANG_WARN_COMMA = YES;
				CLANG_WARN_CONSTANT_CONVERSION = YES;
				CLANG_WARN_DEPRECATED_OBJC_IMPLEMENTATIONS = YES;
				CLANG_WARN_DIRECT_OBJC_ISA_USAGE = YES_ERROR;
				CLANG_WARN_DOCUMENTATION_COMMENTS = YES;
				CLANG_WARN_EMPTY_BODY = YES;
				CLANG_WARN_ENUM_CONVERSION = YES;
				CLANG_WARN_INFINITE_RECURSION = YES;
				CLANG_WARN_INT_CONVERSION = YES;
				CLANG_WARN_NON_LITERAL_NULL_CONVERSION = YES;
				CLANG_WARN_OBJC_IMPLICIT_RETAIN_SELF = YES;
				CLANG_WARN_OBJC_LITERAL_CONVERSION = YES;
				CLANG_WARN_OBJC_ROOT_CLASS = YES_ERROR;
				CLANG_WARN_QUOTED_INCLUDE_IN_FRAMEWORK_HEADER = YES;
				CLANG_WARN_RANGE_LOOP_ANALYSIS = YES;
				CLANG_WARN_STRICT_PROTOTYPES = YES;
				CLANG_WARN_SUSPICIOUS_MOVE = YES;
				CLANG_WARN_UNGUARDED_AVAILABILITY = YES_AGGRESSIVE;
				CLANG_WARN_UNREACHABLE_CODE = YES;
				CLANG_WARN__DUPLICATE_METHOD_MATCH = YES;
				COPY_PHASE_STRIP = NO;
				DEBUG_INFORMATION_FORMAT = dwarf;
				ENABLE_STRICT_OBJC_MSGSEND = YES;
				ENABLE_TESTABILITY = YES;
				GCC_C_LANGUAGE_STANDARD = gnu11;
				GCC_DYNAMIC_NO_PIC = NO;
				GCC_NO_COMMON_BLOCKS = YES;
				GCC_OPTIMIZATION_LEVEL = 0;
				GCC_PREPROCESSOR_DEFINITIONS = (
					"DEBUG=1",
					"$(inherited)",
				);
				GCC_WARN_64_TO_32_BIT_CONVERSION = YES;
				GCC_WARN_ABOUT_RETURN_TYPE = YES_ERROR;
				GCC_WARN_UNDECLARED_SELECTOR = YES;
				GCC_WARN_UNINITIALIZED_AUTOS = YES_AGGRESSIVE;
				GCC_WARN_UNUSED_FUNCTION = YES;
				GCC_WARN_UNUSED_VARIABLE = YES;
				IPHONEOS_DEPLOYMENT_TARGET = 16.2;
				MTL_ENABLE_DEBUG_INFO = INCLUDE_SOURCE;
				MTL_FAST_MATH = YES;
				ONLY_ACTIVE_ARCH = YES;
				SDKROOT = iphoneos;
				SWIFT_ACTIVE_COMPILATION_CONDITIONS = DEBUG;
				SWIFT_OPTIMIZATION_LEVEL = "-Onone";
			};
			name = Debug;
		};
		7E6F9419299010BB004B2537 /* Release */ = {
			isa = XCBuildConfiguration;
			buildSettings = {
				ALWAYS_SEARCH_USER_PATHS = NO;
				CLANG_ANALYZER_NONNULL = YES;
				CLANG_ANALYZER_NUMBER_OBJECT_CONVERSION = YES_AGGRESSIVE;
				CLANG_CXX_LANGUAGE_STANDARD = "gnu++20";
				CLANG_ENABLE_MODULES = YES;
				CLANG_ENABLE_OBJC_ARC = YES;
				CLANG_ENABLE_OBJC_WEAK = YES;
				CLANG_WARN_BLOCK_CAPTURE_AUTORELEASING = YES;
				CLANG_WARN_BOOL_CONVERSION = YES;
				CLANG_WARN_COMMA = YES;
				CLANG_WARN_CONSTANT_CONVERSION = YES;
				CLANG_WARN_DEPRECATED_OBJC_IMPLEMENTATIONS = YES;
				CLANG_WARN_DIRECT_OBJC_ISA_USAGE = YES_ERROR;
				CLANG_WARN_DOCUMENTATION_COMMENTS = YES;
				CLANG_WARN_EMPTY_BODY = YES;
				CLANG_WARN_ENUM_CONVERSION = YES;
				CLANG_WARN_INFINITE_RECURSION = YES;
				CLANG_WARN_INT_CONVERSION = YES;
				CLANG_WARN_NON_LITERAL_NULL_CONVERSION = YES;
				CLANG_WARN_OBJC_IMPLICIT_RETAIN_SELF = YES;
				CLANG_WARN_OBJC_LITERAL_CONVERSION = YES;
				CLANG_WARN_OBJC_ROOT_CLASS = YES_ERROR;
				CLANG_WARN_QUOTED_INCLUDE_IN_FRAMEWORK_HEADER = YES;
				CLANG_WARN_RANGE_LOOP_ANALYSIS = YES;
				CLANG_WARN_STRICT_PROTOTYPES = YES;
				CLANG_WARN_SUSPICIOUS_MOVE = YES;
				CLANG_WARN_UNGUARDED_AVAILABILITY = YES_AGGRESSIVE;
				CLANG_WARN_UNREACHABLE_CODE = YES;
				CLANG_WARN__DUPLICATE_METHOD_MATCH = YES;
				COPY_PHASE_STRIP = NO;
				DEBUG_INFORMATION_FORMAT = "dwarf-with-dsym";
				ENABLE_NS_ASSERTIONS = NO;
				ENABLE_STRICT_OBJC_MSGSEND = YES;
				GCC_C_LANGUAGE_STANDARD = gnu11;
				GCC_NO_COMMON_BLOCKS = YES;
				GCC_WARN_64_TO_32_BIT_CONVERSION = YES;
				GCC_WARN_ABOUT_RETURN_TYPE = YES_ERROR;
				GCC_WARN_UNDECLARED_SELECTOR = YES;
				GCC_WARN_UNINITIALIZED_AUTOS = YES_AGGRESSIVE;
				GCC_WARN_UNUSED_FUNCTION = YES;
				GCC_WARN_UNUSED_VARIABLE = YES;
				IPHONEOS_DEPLOYMENT_TARGET = 16.2;
				MTL_ENABLE_DEBUG_INFO = NO;
				MTL_FAST_MATH = YES;
				SDKROOT = iphoneos;
				SWIFT_COMPILATION_MODE = wholemodule;
				SWIFT_OPTIMIZATION_LEVEL = "-O";
				VALIDATE_PRODUCT = YES;
			};
			name = Release;
		};
		7E6F941B299010BB004B2537 /* Debug */ = {
			isa = XCBuildConfiguration;
			baseConfigurationReference = B3E52203D846446712022143 /* Pods-Pokepedia.debug.xcconfig */;
			buildSettings = {
				ASSETCATALOG_COMPILER_APPICON_NAME = AppIcon;
				ASSETCATALOG_COMPILER_GLOBAL_ACCENT_COLOR_NAME = AccentColor;
				CODE_SIGN_STYLE = Automatic;
				CURRENT_PROJECT_VERSION = 1;
				DEVELOPMENT_TEAM = 3F8C4P2T95;
				GENERATE_INFOPLIST_FILE = YES;
				INFOPLIST_FILE = Pokepedia/Info.plist;
				INFOPLIST_KEY_UIApplicationSupportsIndirectInputEvents = YES;
				INFOPLIST_KEY_UILaunchStoryboardName = LaunchScreen;
				INFOPLIST_KEY_UISupportedInterfaceOrientations_iPad = "UIInterfaceOrientationPortrait UIInterfaceOrientationPortraitUpsideDown UIInterfaceOrientationLandscapeLeft UIInterfaceOrientationLandscapeRight";
				INFOPLIST_KEY_UISupportedInterfaceOrientations_iPhone = "UIInterfaceOrientationPortrait UIInterfaceOrientationLandscapeLeft UIInterfaceOrientationLandscapeRight";
				LD_RUNPATH_SEARCH_PATHS = (
					"$(inherited)",
					"@executable_path/Frameworks",
				);
				MARKETING_VERSION = 1.0;
				PRODUCT_BUNDLE_IDENTIFIER = com.rivaldofez.Pokepedia;
				PRODUCT_NAME = "$(TARGET_NAME)";
				SWIFT_EMIT_LOC_STRINGS = YES;
				SWIFT_VERSION = 5.0;
				TARGETED_DEVICE_FAMILY = "1,2";
			};
			name = Debug;
		};
		7E6F941C299010BB004B2537 /* Release */ = {
			isa = XCBuildConfiguration;
			baseConfigurationReference = 82C8DFC0597D4263B97712C1 /* Pods-Pokepedia.release.xcconfig */;
			buildSettings = {
				ASSETCATALOG_COMPILER_APPICON_NAME = AppIcon;
				ASSETCATALOG_COMPILER_GLOBAL_ACCENT_COLOR_NAME = AccentColor;
				CODE_SIGN_STYLE = Automatic;
				CURRENT_PROJECT_VERSION = 1;
				DEVELOPMENT_TEAM = 3F8C4P2T95;
				GENERATE_INFOPLIST_FILE = YES;
				INFOPLIST_FILE = Pokepedia/Info.plist;
				INFOPLIST_KEY_UIApplicationSupportsIndirectInputEvents = YES;
				INFOPLIST_KEY_UILaunchStoryboardName = LaunchScreen;
				INFOPLIST_KEY_UISupportedInterfaceOrientations_iPad = "UIInterfaceOrientationPortrait UIInterfaceOrientationPortraitUpsideDown UIInterfaceOrientationLandscapeLeft UIInterfaceOrientationLandscapeRight";
				INFOPLIST_KEY_UISupportedInterfaceOrientations_iPhone = "UIInterfaceOrientationPortrait UIInterfaceOrientationLandscapeLeft UIInterfaceOrientationLandscapeRight";
				LD_RUNPATH_SEARCH_PATHS = (
					"$(inherited)",
					"@executable_path/Frameworks",
				);
				MARKETING_VERSION = 1.0;
				PRODUCT_BUNDLE_IDENTIFIER = com.rivaldofez.Pokepedia;
				PRODUCT_NAME = "$(TARGET_NAME)";
				SWIFT_EMIT_LOC_STRINGS = YES;
				SWIFT_VERSION = 5.0;
				TARGETED_DEVICE_FAMILY = "1,2";
			};
			name = Release;
		};
/* End XCBuildConfiguration section */

/* Begin XCConfigurationList section */
		7E6F9401299010BA004B2537 /* Build configuration list for PBXProject "Pokepedia" */ = {
			isa = XCConfigurationList;
			buildConfigurations = (
				7E6F9418299010BB004B2537 /* Debug */,
				7E6F9419299010BB004B2537 /* Release */,
			);
			defaultConfigurationIsVisible = 0;
			defaultConfigurationName = Release;
		};
		7E6F941A299010BB004B2537 /* Build configuration list for PBXNativeTarget "Pokepedia" */ = {
			isa = XCConfigurationList;
			buildConfigurations = (
				7E6F941B299010BB004B2537 /* Debug */,
				7E6F941C299010BB004B2537 /* Release */,
			);
			defaultConfigurationIsVisible = 0;
			defaultConfigurationName = Release;
		};
/* End XCConfigurationList section */
	};
	rootObject = 7E6F93FE299010BA004B2537 /* Project object */;
}
