{
  "object": {
    "pins": [
      {
        "package": "Alamofire",
        "repositoryURL": "https://github.com/Alamofire/Alamofire.git",
        "state": {
          "branch": "master",
          "revision": "b3b8c1f018944482d35eccc7b5125d315757e585",
          "version": null
        }
      },
      {
        "package": "DGCharts",
        "repositoryURL": "https://github.com/danielgindi/Charts.git",
        "state": {
          "branch": null,
          "revision": "0a229f8c914b0ec93798cee058cf75b339297513",
          "version": "5.0.0"
        }
      },
      {
        "package": "Lottie",
        "repositoryURL": "https://github.com/airbnb/lottie-spm.git",
        "state": {
          "branch": null,
          "revision": "60ea4f82fba8b4cb21a75665a889e86ed4d81c6e",
          "version": "4.2.0"
        }
      },
      {
        "package": "PokepediaCore",
        "repositoryURL": "https://github.com/rivaldofez/PokepediaCore.git",
        "state": {
          "branch": "main",
          "revision": "01dd4723ee2d4d652ec041592037868f7614c73c",
          "version": null
        }
      },
      {
        "package": "RealmDatabase",
        "repositoryURL": "https://github.com/realm/realm-core.git",
        "state": {
          "branch": null,
          "revision": "c04f5e401a1ec682e6b08b1ee157e19a0f834a5f",
          "version": "13.17.1"
        }
      },
      {
        "package": "Realm",
        "repositoryURL": "https://github.com/realm/realm-swift.git",
        "state": {
          "branch": "master",
          "revision": "752f8ae418f97c7e90c2c83ebeeb534c0357df4d",
          "version": null
        }
      },
      {
        "package": "RxSwift",
        "repositoryURL": "https://github.com/ReactiveX/RxSwift.git",
        "state": {
          "branch": "main",
          "revision": "2ff073fc1b9c600ac9b54734aff3348110437c19",
          "version": null
        }
      },
      {
        "package": "SDWebImage",
        "repositoryURL": "https://github.com/SDWebImage/SDWebImage.git",
        "state": {
          "branch": null,
          "revision": "633996a807442ec28df9d33b0f88ce57a0e2fdbf",
          "version": "5.17.0"
        }
      }
    ]
  },
  "version": 1
}
