{
  "object": {
    "pins": [
      {
        "package": "Alamofire",
        "repositoryURL": "https://github.com/Alamofire/Alamofire.git",
        "state": {
          "branch": "master",
          "revision": "dc71baf4f1c263ceb419fc306e926a2bb3081c0b",
          "version": null
        }
      },
      {
        "package": "DGCharts",
        "repositoryURL": "https://github.com/danielgindi/Charts.git",
        "state": {
          "branch": null,
          "revision": "0a229f8c914b0ec93798cee058cf75b339297513",
          "version": "5.0.0"
        }
      },
      {
        "package": "Lottie",
        "repositoryURL": "https://github.com/airbnb/lottie-spm.git",
        "state": {
          "branch": null,
          "revision": "60ea4f82fba8b4cb21a75665a889e86ed4d81c6e",
          "version": "4.2.0"
        }
      },
      {
        "package": "PokepediaCore",
        "repositoryURL": "https://github.com/rivaldofez/PokepediaCore.git",
        "state": {
          "branch": "main",
          "revision": "0397ab7e59a29f491d8108b40cdb503897998794",
          "version": null
        }
      },
      {
        "package": "RealmDatabase",
        "repositoryURL": "https://github.com/realm/realm-core.git",
        "state": {
          "branch": null,
          "revision": "c04f5e401a1ec682e6b08b1ee157e19a0f834a5f",
          "version": "13.17.1"
        }
      },
      {
        "package": "Realm",
        "repositoryURL": "https://github.com/realm/realm-swift.git",
        "state": {
          "branch": "master",
          "revision": "81a94ef9c41d9c3b2fe38533b6e281e23ddc34b4",
          "version": null
        }
      },
      {
        "package": "RxSwift",
        "repositoryURL": "https://github.com/ReactiveX/RxSwift.git",
        "state": {
          "branch": "main",
          "revision": "2ff073fc1b9c600ac9b54734aff3348110437c19",
          "version": null
        }
      },
      {
        "package": "SDWebImage",
        "repositoryURL": "https://github.com/SDWebImage/SDWebImage.git",
        "state": {
          "branch": null,
          "revision": "633996a807442ec28df9d33b0f88ce57a0e2fdbf",
          "version": "5.17.0"
        }
      }
    ]
  },
  "version": 1
}
