// !$*UTF8*$!
{
	archiveVersion = 1;
	classes = {
	};
	objectVersion = 56;
	objects = {

/* Begin PBXBuildFile section */
		7E5DAF96298E6A8600F9B4CB /* AppDelegate.swift in Sources */ = {isa = PBXBuildFile; fileRef = 7E5DAF95298E6A8600F9B4CB /* AppDelegate.swift */; };
		7E5DAF98298E6A8600F9B4CB /* SceneDelegate.swift in Sources */ = {isa = PBXBuildFile; fileRef = 7E5DAF97298E6A8600F9B4CB /* SceneDelegate.swift */; };
		7E5DAF9A298E6A8600F9B4CB /* ViewController.swift in Sources */ = {isa = PBXBuildFile; fileRef = 7E5DAF99298E6A8600F9B4CB /* ViewController.swift */; };
		7E5DAF9D298E6A8600F9B4CB /* Main.storyboard in Resources */ = {isa = PBXBuildFile; fileRef = 7E5DAF9B298E6A8600F9B4CB /* Main.storyboard */; };
		7E5DAF9F298E6A8700F9B4CB /* Assets.xcassets in Resources */ = {isa = PBXBuildFile; fileRef = 7E5DAF9E298E6A8700F9B4CB /* Assets.xcassets */; };
		7E5DAFA2298E6A8700F9B4CB /* LaunchScreen.storyboard in Resources */ = {isa = PBXBuildFile; fileRef = 7E5DAFA0298E6A8700F9B4CB /* LaunchScreen.storyboard */; };
/* End PBXBuildFile section */

/* Begin PBXFileReference section */
		7E5DAF92298E6A8600F9B4CB /* Poképedia.app */ = {isa = PBXFileReference; explicitFileType = wrapper.application; includeInIndex = 0; path = "Poképedia.app"; sourceTree = BUILT_PRODUCTS_DIR; };
		7E5DAF95298E6A8600F9B4CB /* AppDelegate.swift */ = {isa = PBXFileReference; lastKnownFileType = sourcecode.swift; path = AppDelegate.swift; sourceTree = "<group>"; };
		7E5DAF97298E6A8600F9B4CB /* SceneDelegate.swift */ = {isa = PBXFileReference; lastKnownFileType = sourcecode.swift; path = SceneDelegate.swift; sourceTree = "<group>"; };
		7E5DAF99298E6A8600F9B4CB /* ViewController.swift */ = {isa = PBXFileReference; lastKnownFileType = sourcecode.swift; path = ViewController.swift; sourceTree = "<group>"; };
		7E5DAF9C298E6A8600F9B4CB /* Base */ = {isa = PBXFileReference; lastKnownFileType = file.storyboard; name = Base; path = Base.lproj/Main.storyboard; sourceTree = "<group>"; };
		7E5DAF9E298E6A8700F9B4CB /* Assets.xcassets */ = {isa = PBXFileReference; lastKnownFileType = folder.assetcatalog; path = Assets.xcassets; sourceTree = "<group>"; };
		7E5DAFA1298E6A8700F9B4CB /* Base */ = {isa = PBXFileReference; lastKnownFileType = file.storyboard; name = Base; path = Base.lproj/LaunchScreen.storyboard; sourceTree = "<group>"; };
		7E5DAFA3298E6A8700F9B4CB /* Info.plist */ = {isa = PBXFileReference; lastKnownFileType = text.plist.xml; path = Info.plist; sourceTree = "<group>"; };
/* End PBXFileReference section */

/* Begin PBXFrameworksBuildPhase section */
		7E5DAF8F298E6A8600F9B4CB /* Frameworks */ = {
			isa = PBXFrameworksBuildPhase;
			buildActionMask = 2147483647;
			files = (
			);
			runOnlyForDeploymentPostprocessing = 0;
		};
/* End PBXFrameworksBuildPhase section */

/* Begin PBXGroup section */
		7E5DAF89298E6A8600F9B4CB = {
			isa = PBXGroup;
			children = (
				7E5DAF94298E6A8600F9B4CB /* Poképedia */,
				7E5DAF93298E6A8600F9B4CB /* Products */,
			);
			sourceTree = "<group>";
		};
		7E5DAF93298E6A8600F9B4CB /* Products */ = {
			isa = PBXGroup;
			children = (
				7E5DAF92298E6A8600F9B4CB /* Poképedia.app */,
			);
			name = Products;
			sourceTree = "<group>";
		};
		7E5DAF94298E6A8600F9B4CB /* Poképedia */ = {
			isa = PBXGroup;
			children = (
				7E5DAF95298E6A8600F9B4CB /* AppDelegate.swift */,
				7E5DAF97298E6A8600F9B4CB /* SceneDelegate.swift */,
				7E5DAF99298E6A8600F9B4CB /* ViewController.swift */,
				7E5DAF9B298E6A8600F9B4CB /* Main.storyboard */,
				7E5DAF9E298E6A8700F9B4CB /* Assets.xcassets */,
				7E5DAFA0298E6A8700F9B4CB /* LaunchScreen.storyboard */,
				7E5DAFA3298E6A8700F9B4CB /* Info.plist */,
			);
			path = "Poképedia";
			sourceTree = "<group>";
		};
/* End PBXGroup section */

/* Begin PBXNativeTarget section */
		7E5DAF91298E6A8600F9B4CB /* Poképedia */ = {
			isa = PBXNativeTarget;
			buildConfigurationList = 7E5DAFA6298E6A8700F9B4CB /* Build configuration list for PBXNativeTarget "Poképedia" */;
			buildPhases = (
				7E5DAF8E298E6A8600F9B4CB /* Sources */,
				7E5DAF8F298E6A8600F9B4CB /* Frameworks */,
				7E5DAF90298E6A8600F9B4CB /* Resources */,
			);
			buildRules = (
			);
			dependencies = (
			);
			name = "Poképedia";
			productName = "Poképedia";
			productReference = 7E5DAF92298E6A8600F9B4CB /* Poképedia.app */;
			productType = "com.apple.product-type.application";
		};
/* End PBXNativeTarget section */

/* Begin PBXProject section */
		7E5DAF8A298E6A8600F9B4CB /* Project object */ = {
			isa = PBXProject;
			attributes = {
				BuildIndependentTargetsInParallel = 1;
				LastSwiftUpdateCheck = 1420;
				LastUpgradeCheck = 1420;
				TargetAttributes = {
					7E5DAF91298E6A8600F9B4CB = {
						CreatedOnToolsVersion = 14.2;
					};
				};
			};
			buildConfigurationList = 7E5DAF8D298E6A8600F9B4CB /* Build configuration list for PBXProject "Poképedia" */;
			compatibilityVersion = "Xcode 14.0";
			developmentRegion = en;
			hasScannedForEncodings = 0;
			knownRegions = (
				en,
				Base,
			);
			mainGroup = 7E5DAF89298E6A8600F9B4CB;
			productRefGroup = 7E5DAF93298E6A8600F9B4CB /* Products */;
			projectDirPath = "";
			projectRoot = "";
			targets = (
				7E5DAF91298E6A8600F9B4CB /* Poképedia */,
			);
		};
/* End PBXProject section */

/* Begin PBXResourcesBuildPhase section */
		7E5DAF90298E6A8600F9B4CB /* Resources */ = {
			isa = PBXResourcesBuildPhase;
			buildActionMask = 2147483647;
			files = (
				7E5DAFA2298E6A8700F9B4CB /* LaunchScreen.storyboard in Resources */,
				7E5DAF9F298E6A8700F9B4CB /* Assets.xcassets in Resources */,
				7E5DAF9D298E6A8600F9B4CB /* Main.storyboard in Resources */,
			);
			runOnlyForDeploymentPostprocessing = 0;
		};
/* End PBXResourcesBuildPhase section */

/* Begin PBXSourcesBuildPhase section */
		7E5DAF8E298E6A8600F9B4CB /* Sources */ = {
			isa = PBXSourcesBuildPhase;
			buildActionMask = 2147483647;
			files = (
				7E5DAF9A298E6A8600F9B4CB /* ViewController.swift in Sources */,
				7E5DAF96298E6A8600F9B4CB /* AppDelegate.swift in Sources */,
				7E5DAF98298E6A8600F9B4CB /* SceneDelegate.swift in Sources */,
			);
			runOnlyForDeploymentPostprocessing = 0;
		};
/* End PBXSourcesBuildPhase section */

/* Begin PBXVariantGroup section */
		7E5DAF9B298E6A8600F9B4CB /* Main.storyboard */ = {
			isa = PBXVariantGroup;
			children = (
				7E5DAF9C298E6A8600F9B4CB /* Base */,
			);
			name = Main.storyboard;
			sourceTree = "<group>";
		};
		7E5DAFA0298E6A8700F9B4CB /* LaunchScreen.storyboard */ = {
			isa = PBXVariantGroup;
			children = (
				7E5DAFA1298E6A8700F9B4CB /* Base */,
			);
			name = LaunchScreen.storyboard;
			sourceTree = "<group>";
		};
/* End PBXVariantGroup section */

/* Begin XCBuildConfiguration section */
		7E5DAFA4298E6A8700F9B4CB /* Debug */ = {
			isa = XCBuildConfiguration;
			buildSettings = {
				ALWAYS_SEARCH_USER_PATHS = NO;
				CLANG_ANALYZER_NONNULL = YES;
				CLANG_ANALYZER_NUMBER_OBJECT_CONVERSION = YES_AGGRESSIVE;
				CLANG_CXX_LANGUAGE_STANDARD = "gnu++20";
				CLANG_ENABLE_MODULES = YES;
				CLANG_ENABLE_OBJC_ARC = YES;
				CLANG_ENABLE_OBJC_WEAK = YES;
				CLANG_WARN_BLOCK_CAPTURE_AUTORELEASING = YES;
				CLANG_WARN_BOOL_CONVERSION = YES;
				CLANG_WARN_COMMA = YES;
				CLANG_WARN_CONSTANT_CONVERSION = YES;
				CLANG_WARN_DEPRECATED_OBJC_IMPLEMENTATIONS = YES;
				CLANG_WARN_DIRECT_OBJC_ISA_USAGE = YES_ERROR;
				CLANG_WARN_DOCUMENTATION_COMMENTS = YES;
				CLANG_WARN_EMPTY_BODY = YES;
				CLANG_WARN_ENUM_CONVERSION = YES;
				CLANG_WARN_INFINITE_RECURSION = YES;
				CLANG_WARN_INT_CONVERSION = YES;
				CLANG_WARN_NON_LITERAL_NULL_CONVERSION = YES;
				CLANG_WARN_OBJC_IMPLICIT_RETAIN_SELF = YES;
				CLANG_WARN_OBJC_LITERAL_CONVERSION = YES;
				CLANG_WARN_OBJC_ROOT_CLASS = YES_ERROR;
				CLANG_WARN_QUOTED_INCLUDE_IN_FRAMEWORK_HEADER = YES;
				CLANG_WARN_RANGE_LOOP_ANALYSIS = YES;
				CLANG_WARN_STRICT_PROTOTYPES = YES;
				CLANG_WARN_SUSPICIOUS_MOVE = YES;
				CLANG_WARN_UNGUARDED_AVAILABILITY = YES_AGGRESSIVE;
				CLANG_WARN_UNREACHABLE_CODE = YES;
				CLANG_WARN__DUPLICATE_METHOD_MATCH = YES;
				COPY_PHASE_STRIP = NO;
				DEBUG_INFORMATION_FORMAT = dwarf;
				ENABLE_STRICT_OBJC_MSGSEND = YES;
				ENABLE_TESTABILITY = YES;
				GCC_C_LANGUAGE_STANDARD = gnu11;
				GCC_DYNAMIC_NO_PIC = NO;
				GCC_NO_COMMON_BLOCKS = YES;
				GCC_OPTIMIZATION_LEVEL = 0;
				GCC_PREPROCESSOR_DEFINITIONS = (
					"DEBUG=1",
					"$(inherited)",
				);
				GCC_WARN_64_TO_32_BIT_CONVERSION = YES;
				GCC_WARN_ABOUT_RETURN_TYPE = YES_ERROR;
				GCC_WARN_UNDECLARED_SELECTOR = YES;
				GCC_WARN_UNINITIALIZED_AUTOS = YES_AGGRESSIVE;
				GCC_WARN_UNUSED_FUNCTION = YES;
				GCC_WARN_UNUSED_VARIABLE = YES;
				IPHONEOS_DEPLOYMENT_TARGET = 16.2;
				MTL_ENABLE_DEBUG_INFO = INCLUDE_SOURCE;
				MTL_FAST_MATH = YES;
				ONLY_ACTIVE_ARCH = YES;
				SDKROOT = iphoneos;
				SWIFT_ACTIVE_COMPILATION_CONDITIONS = DEBUG;
				SWIFT_OPTIMIZATION_LEVEL = "-Onone";
			};
			name = Debug;
		};
		7E5DAFA5298E6A8700F9B4CB /* Release */ = {
			isa = XCBuildConfiguration;
			buildSettings = {
				ALWAYS_SEARCH_USER_PATHS = NO;
				CLANG_ANALYZER_NONNULL = YES;
				CLANG_ANALYZER_NUMBER_OBJECT_CONVERSION = YES_AGGRESSIVE;
				CLANG_CXX_LANGUAGE_STANDARD = "gnu++20";
				CLANG_ENABLE_MODULES = YES;
				CLANG_ENABLE_OBJC_ARC = YES;
				CLANG_ENABLE_OBJC_WEAK = YES;
				CLANG_WARN_BLOCK_CAPTURE_AUTORELEASING = YES;
				CLANG_WARN_BOOL_CONVERSION = YES;
				CLANG_WARN_COMMA = YES;
				CLANG_WARN_CONSTANT_CONVERSION = YES;
				CLANG_WARN_DEPRECATED_OBJC_IMPLEMENTATIONS = YES;
				CLANG_WARN_DIRECT_OBJC_ISA_USAGE = YES_ERROR;
				CLANG_WARN_DOCUMENTATION_COMMENTS = YES;
				CLANG_WARN_EMPTY_BODY = YES;
				CLANG_WARN_ENUM_CONVERSION = YES;
				CLANG_WARN_INFINITE_RECURSION = YES;
				CLANG_WARN_INT_CONVERSION = YES;
				CLANG_WARN_NON_LITERAL_NULL_CONVERSION = YES;
				CLANG_WARN_OBJC_IMPLICIT_RETAIN_SELF = YES;
				CLANG_WARN_OBJC_LITERAL_CONVERSION = YES;
				CLANG_WARN_OBJC_ROOT_CLASS = YES_ERROR;
				CLANG_WARN_QUOTED_INCLUDE_IN_FRAMEWORK_HEADER = YES;
				CLANG_WARN_RANGE_LOOP_ANALYSIS = YES;
				CLANG_WARN_STRICT_PROTOTYPES = YES;
				CLANG_WARN_SUSPICIOUS_MOVE = YES;
				CLANG_WARN_UNGUARDED_AVAILABILITY = YES_AGGRESSIVE;
				CLANG_WARN_UNREACHABLE_CODE = YES;
				CLANG_WARN__DUPLICATE_METHOD_MATCH = YES;
				COPY_PHASE_STRIP = NO;
				DEBUG_INFORMATION_FORMAT = "dwarf-with-dsym";
				ENABLE_NS_ASSERTIONS = NO;
				ENABLE_STRICT_OBJC_MSGSEND = YES;
				GCC_C_LANGUAGE_STANDARD = gnu11;
				GCC_NO_COMMON_BLOCKS = YES;
				GCC_WARN_64_TO_32_BIT_CONVERSION = YES;
				GCC_WARN_ABOUT_RETURN_TYPE = YES_ERROR;
				GCC_WARN_UNDECLARED_SELECTOR = YES;
				GCC_WARN_UNINITIALIZED_AUTOS = YES_AGGRESSIVE;
				GCC_WARN_UNUSED_FUNCTION = YES;
				GCC_WARN_UNUSED_VARIABLE = YES;
				IPHONEOS_DEPLOYMENT_TARGET = 16.2;
				MTL_ENABLE_DEBUG_INFO = NO;
				MTL_FAST_MATH = YES;
				SDKROOT = iphoneos;
				SWIFT_COMPILATION_MODE = wholemodule;
				SWIFT_OPTIMIZATION_LEVEL = "-O";
				VALIDATE_PRODUCT = YES;
			};
			name = Release;
		};
		7E5DAFA7298E6A8700F9B4CB /* Debug */ = {
			isa = XCBuildConfiguration;
			buildSettings = {
				ASSETCATALOG_COMPILER_APPICON_NAME = AppIcon;
				ASSETCATALOG_COMPILER_GLOBAL_ACCENT_COLOR_NAME = AccentColor;
				CODE_SIGN_STYLE = Automatic;
				CURRENT_PROJECT_VERSION = 1;
				DEVELOPMENT_TEAM = 3F8C4P2T95;
				GENERATE_INFOPLIST_FILE = YES;
				INFOPLIST_FILE = "Poképedia/Info.plist";
				INFOPLIST_KEY_UIApplicationSupportsIndirectInputEvents = YES;
				INFOPLIST_KEY_UILaunchStoryboardName = LaunchScreen;
				INFOPLIST_KEY_UIMainStoryboardFile = Main;
				INFOPLIST_KEY_UISupportedInterfaceOrientations_iPad = "UIInterfaceOrientationPortrait UIInterfaceOrientationPortraitUpsideDown UIInterfaceOrientationLandscapeLeft UIInterfaceOrientationLandscapeRight";
				INFOPLIST_KEY_UISupportedInterfaceOrientations_iPhone = "UIInterfaceOrientationPortrait UIInterfaceOrientationLandscapeLeft UIInterfaceOrientationLandscapeRight";
				LD_RUNPATH_SEARCH_PATHS = (
					"$(inherited)",
					"@executable_path/Frameworks",
				);
				MARKETING_VERSION = 1.0;
				PRODUCT_BUNDLE_IDENTIFIER = "com.rivaldofez.Poke-pedia";
				PRODUCT_NAME = "$(TARGET_NAME)";
				SWIFT_EMIT_LOC_STRINGS = YES;
				SWIFT_VERSION = 5.0;
				TARGETED_DEVICE_FAMILY = "1,2";
			};
			name = Debug;
		};
		7E5DAFA8298E6A8700F9B4CB /* Release */ = {
			isa = XCBuildConfiguration;
			buildSettings = {
				ASSETCATALOG_COMPILER_APPICON_NAME = AppIcon;
				ASSETCATALOG_COMPILER_GLOBAL_ACCENT_COLOR_NAME = AccentColor;
				CODE_SIGN_STYLE = Automatic;
				CURRENT_PROJECT_VERSION = 1;
				DEVELOPMENT_TEAM = 3F8C4P2T95;
				GENERATE_INFOPLIST_FILE = YES;
				INFOPLIST_FILE = "Poképedia/Info.plist";
				INFOPLIST_KEY_UIApplicationSupportsIndirectInputEvents = YES;
				INFOPLIST_KEY_UILaunchStoryboardName = LaunchScreen;
				INFOPLIST_KEY_UIMainStoryboardFile = Main;
				INFOPLIST_KEY_UISupportedInterfaceOrientations_iPad = "UIInterfaceOrientationPortrait UIInterfaceOrientationPortraitUpsideDown UIInterfaceOrientationLandscapeLeft UIInterfaceOrientationLandscapeRight";
				INFOPLIST_KEY_UISupportedInterfaceOrientations_iPhone = "UIInterfaceOrientationPortrait UIInterfaceOrientationLandscapeLeft UIInterfaceOrientationLandscapeRight";
				LD_RUNPATH_SEARCH_PATHS = (
					"$(inherited)",
					"@executable_path/Frameworks",
				);
				MARKETING_VERSION = 1.0;
				PRODUCT_BUNDLE_IDENTIFIER = "com.rivaldofez.Poke-pedia";
				PRODUCT_NAME = "$(TARGET_NAME)";
				SWIFT_EMIT_LOC_STRINGS = YES;
				SWIFT_VERSION = 5.0;
				TARGETED_DEVICE_FAMILY = "1,2";
			};
			name = Release;
		};
/* End XCBuildConfiguration section */

/* Begin XCConfigurationList section */
		7E5DAF8D298E6A8600F9B4CB /* Build configuration list for PBXProject "Poképedia" */ = {
			isa = XCConfigurationList;
			buildConfigurations = (
				7E5DAFA4298E6A8700F9B4CB /* Debug */,
				7E5DAFA5298E6A8700F9B4CB /* Release */,
			);
			defaultConfigurationIsVisible = 0;
			defaultConfigurationName = Release;
		};
		7E5DAFA6298E6A8700F9B4CB /* Build configuration list for PBXNativeTarget "Poképedia" */ = {
			isa = XCConfigurationList;
			buildConfigurations = (
				7E5DAFA7298E6A8700F9B4CB /* Debug */,
				7E5DAFA8298E6A8700F9B4CB /* Release */,
			);
			defaultConfigurationIsVisible = 0;
			defaultConfigurationName = Release;
		};
/* End XCConfigurationList section */
	};
	rootObject = 7E5DAF8A298E6A8600F9B4CB /* Project object */;
}
