// !$*UTF8*$!
{
	archiveVersion = 1;
	classes = {
	};
	objectVersion = 56;
	objects = {

/* Begin PBXBuildFile section */
		7E02472E2996103400EECAA9 /* DetailPokemonViewController.swift in Sources */ = {isa = PBXBuildFile; fileRef = 7E02472D2996103400EECAA9 /* DetailPokemonViewController.swift */; };
		7E0247562996A71300EECAA9 /* AboutSubViewController.swift in Sources */ = {isa = PBXBuildFile; fileRef = 7E0247552996A71300EECAA9 /* AboutSubViewController.swift */; };
		7E0247582996A73400EECAA9 /* BaseStatSubViewController.swift in Sources */ = {isa = PBXBuildFile; fileRef = 7E0247572996A73400EECAA9 /* BaseStatSubViewController.swift */; };
		7E02475A2996A75500EECAA9 /* MovesSubViewController.swift in Sources */ = {isa = PBXBuildFile; fileRef = 7E0247592996A75500EECAA9 /* MovesSubViewController.swift */; };
		7E04A8FF2A878AF10096CFC4 /* error.json in Resources */ = {isa = PBXBuildFile; fileRef = 7E04A8FE2A878AF10096CFC4 /* error.json */; };
		7E109C762A97F350005FAA2C /* DetailPresenter.swift in Sources */ = {isa = PBXBuildFile; fileRef = 7E109C752A97F350005FAA2C /* DetailPresenter.swift */; };
		7E188239299147AC00C6CB64 /* PokemonCollectionViewCell.swift in Sources */ = {isa = PBXBuildFile; fileRef = 7E188238299147AC00C6CB64 /* PokemonCollectionViewCell.swift */; };
		7E18CC612A810DC70067D78D /* FavoritePresenter.swift in Sources */ = {isa = PBXBuildFile; fileRef = 7E18CC602A810DC70067D78D /* FavoritePresenter.swift */; };
		7E18CC632A810DDF0067D78D /* FavoriteRouter.swift in Sources */ = {isa = PBXBuildFile; fileRef = 7E18CC622A810DDF0067D78D /* FavoriteRouter.swift */; };
		7E18CC652A8111560067D78D /* FavoriteInteractor.swift in Sources */ = {isa = PBXBuildFile; fileRef = 7E18CC642A8111560067D78D /* FavoriteInteractor.swift */; };
		7E1F86572A86FD0200A84B69 /* FavoriteUseCase.swift in Sources */ = {isa = PBXBuildFile; fileRef = 7E1F86562A86FD0200A84B69 /* FavoriteUseCase.swift */; };
		7E1F865B2A8707C200A84B69 /* DetailPokemonUseCaseTests.swift in Sources */ = {isa = PBXBuildFile; fileRef = 7E1F865A2A8707C200A84B69 /* DetailPokemonUseCaseTests.swift */; };
		7E393A39299BAB250033920C /* PokemonConverter.swift in Sources */ = {isa = PBXBuildFile; fileRef = 7E393A38299BAB250033920C /* PokemonConverter.swift */; };
		7E393A40299BDBBA0033920C /* DetailPokemonRouter.swift in Sources */ = {isa = PBXBuildFile; fileRef = 7E393A3F299BDBBA0033920C /* DetailPokemonRouter.swift */; };
		7E393A42299BDBC50033920C /* DetailPokemonPresenter.swift in Sources */ = {isa = PBXBuildFile; fileRef = 7E393A41299BDBC50033920C /* DetailPokemonPresenter.swift */; };
		7E393A44299BE1C30033920C /* DetailPokemonInteractor.swift in Sources */ = {isa = PBXBuildFile; fileRef = 7E393A43299BE1C30033920C /* DetailPokemonInteractor.swift */; };
		7E444BEE2A97303300F3C971 /* PokepediaPokemon in Frameworks */ = {isa = PBXBuildFile; productRef = 7E444BED2A97303300F3C971 /* PokepediaPokemon */; };
		7E444BF22A97362200F3C971 /* HomePokemonPresenter.swift in Sources */ = {isa = PBXBuildFile; fileRef = 7E444BF12A97362200F3C971 /* HomePokemonPresenter.swift */; };
		7E47C377299754AE00CFFB54 /* BaseStatTableViewCell.swift in Sources */ = {isa = PBXBuildFile; fileRef = 7E47C376299754AE00CFFB54 /* BaseStatTableViewCell.swift */; };
		7E47C379299768B700CFFB54 /* MovesTableViewCell.swift in Sources */ = {isa = PBXBuildFile; fileRef = 7E47C378299768B700CFFB54 /* MovesTableViewCell.swift */; };
		7E47C3952997786900CFFB54 /* Poppins-Black.ttf in Resources */ = {isa = PBXBuildFile; fileRef = 7E47C3932997784100CFFB54 /* Poppins-Black.ttf */; };
		7E47C3962997786900CFFB54 /* Poppins-BlackItalic.ttf in Resources */ = {isa = PBXBuildFile; fileRef = 7E47C3902997784000CFFB54 /* Poppins-BlackItalic.ttf */; };
		7E47C3972997786900CFFB54 /* Poppins-Bold.ttf in Resources */ = {isa = PBXBuildFile; fileRef = 7E47C38B2997784000CFFB54 /* Poppins-Bold.ttf */; };
		7E47C3982997786900CFFB54 /* Poppins-BoldItalic.ttf in Resources */ = {isa = PBXBuildFile; fileRef = 7E47C38D2997784000CFFB54 /* Poppins-BoldItalic.ttf */; };
		7E47C3992997786900CFFB54 /* Poppins-ExtraBold.ttf in Resources */ = {isa = PBXBuildFile; fileRef = 7E47C3832997784000CFFB54 /* Poppins-ExtraBold.ttf */; };
		7E47C39A2997786900CFFB54 /* Poppins-ExtraBoldItalic.ttf in Resources */ = {isa = PBXBuildFile; fileRef = 7E47C3942997784100CFFB54 /* Poppins-ExtraBoldItalic.ttf */; };
		7E47C39B2997786900CFFB54 /* Poppins-ExtraLight.ttf in Resources */ = {isa = PBXBuildFile; fileRef = 7E47C38F2997784000CFFB54 /* Poppins-ExtraLight.ttf */; };
		7E47C39C2997786900CFFB54 /* Poppins-ExtraLightItalic.ttf in Resources */ = {isa = PBXBuildFile; fileRef = 7E47C38E2997784000CFFB54 /* Poppins-ExtraLightItalic.ttf */; };
		7E47C39D2997786900CFFB54 /* Poppins-Italic.ttf in Resources */ = {isa = PBXBuildFile; fileRef = 7E47C38A2997784000CFFB54 /* Poppins-Italic.ttf */; };
		7E47C39E2997786900CFFB54 /* Poppins-Light.ttf in Resources */ = {isa = PBXBuildFile; fileRef = 7E47C3852997784000CFFB54 /* Poppins-Light.ttf */; };
		7E47C39F2997786900CFFB54 /* Poppins-LightItalic.ttf in Resources */ = {isa = PBXBuildFile; fileRef = 7E47C3872997784000CFFB54 /* Poppins-LightItalic.ttf */; };
		7E47C3A02997786900CFFB54 /* Poppins-Medium.ttf in Resources */ = {isa = PBXBuildFile; fileRef = 7E47C3842997784000CFFB54 /* Poppins-Medium.ttf */; };
		7E47C3A12997786900CFFB54 /* Poppins-MediumItalic.ttf in Resources */ = {isa = PBXBuildFile; fileRef = 7E47C38C2997784000CFFB54 /* Poppins-MediumItalic.ttf */; };
		7E47C3A22997786900CFFB54 /* Poppins-Regular.ttf in Resources */ = {isa = PBXBuildFile; fileRef = 7E47C3882997784000CFFB54 /* Poppins-Regular.ttf */; };
		7E47C3A32997786900CFFB54 /* Poppins-SemiBold.ttf in Resources */ = {isa = PBXBuildFile; fileRef = 7E47C3862997784000CFFB54 /* Poppins-SemiBold.ttf */; };
		7E47C3A42997786900CFFB54 /* Poppins-SemiBoldItalic.ttf in Resources */ = {isa = PBXBuildFile; fileRef = 7E47C3912997784000CFFB54 /* Poppins-SemiBoldItalic.ttf */; };
		7E47C3A52997786900CFFB54 /* Poppins-Thin.ttf in Resources */ = {isa = PBXBuildFile; fileRef = 7E47C3922997784100CFFB54 /* Poppins-Thin.ttf */; };
		7E47C3A62997786900CFFB54 /* Poppins-ThinItalic.ttf in Resources */ = {isa = PBXBuildFile; fileRef = 7E47C3892997784000CFFB54 /* Poppins-ThinItalic.ttf */; };
		7E47C3AD2997791500CFFB54 /* Comfortaa-Bold.ttf in Resources */ = {isa = PBXBuildFile; fileRef = 7E47C3AA2997790D00CFFB54 /* Comfortaa-Bold.ttf */; };
		7E47C3AE2997791500CFFB54 /* Comfortaa-Light.ttf in Resources */ = {isa = PBXBuildFile; fileRef = 7E47C3A92997790D00CFFB54 /* Comfortaa-Light.ttf */; };
		7E47C3AF2997791500CFFB54 /* Comfortaa-Medium.ttf in Resources */ = {isa = PBXBuildFile; fileRef = 7E47C3AC2997790D00CFFB54 /* Comfortaa-Medium.ttf */; };
		7E47C3B02997791500CFFB54 /* Comfortaa-Regular.ttf in Resources */ = {isa = PBXBuildFile; fileRef = 7E47C3AB2997790D00CFFB54 /* Comfortaa-Regular.ttf */; };
		7E47C3B12997791500CFFB54 /* Comfortaa-SemiBold.ttf in Resources */ = {isa = PBXBuildFile; fileRef = 7E47C3A82997790D00CFFB54 /* Comfortaa-SemiBold.ttf */; };
		7E47C3B4299779C700CFFB54 /* UIFont+Extensions.swift in Sources */ = {isa = PBXBuildFile; fileRef = 7E47C3B3299779C700CFFB54 /* UIFont+Extensions.swift */; };
		7E47C3BA2997ACC400CFFB54 /* PokemonPageResponse.swift in Sources */ = {isa = PBXBuildFile; fileRef = 7E47C3B92997ACC400CFFB54 /* PokemonPageResponse.swift */; };
		7E47C3EB2997F3A500CFFB54 /* RemoteDataSource.swift in Sources */ = {isa = PBXBuildFile; fileRef = 7E47C3EA2997F3A500CFFB54 /* RemoteDataSource.swift */; };
		7E47C3ED2997F67200CFFB54 /* CustomError+Extensions.swift in Sources */ = {isa = PBXBuildFile; fileRef = 7E47C3EC2997F67200CFFB54 /* CustomError+Extensions.swift */; };
		7E47C3EF2997F78900CFFB54 /* PokemonRepository.swift in Sources */ = {isa = PBXBuildFile; fileRef = 7E47C3EE2997F78900CFFB54 /* PokemonRepository.swift */; };
		7E47C3F12997F92D00CFFB54 /* PokemonDetailResponse.swift in Sources */ = {isa = PBXBuildFile; fileRef = 7E47C3F02997F92D00CFFB54 /* PokemonDetailResponse.swift */; };
		7E4A4E672A84FE2100FF13D5 /* empty.json in Resources */ = {isa = PBXBuildFile; fileRef = 7E4A4E662A84FE2100FF13D5 /* empty.json */; };
		7E54BC552A9959A800DF0814 /* FavoritePokemonPresenter.swift in Sources */ = {isa = PBXBuildFile; fileRef = 7E54BC542A9959A800DF0814 /* FavoritePokemonPresenter.swift */; };
		7E584DE12A95F9BF00CF4445 /* Lottie in Frameworks */ = {isa = PBXBuildFile; productRef = 7E584DE02A95F9BF00CF4445 /* Lottie */; };
		7E5AC1D7299DD3A500FFAA0D /* AboutTableViewCell.swift in Sources */ = {isa = PBXBuildFile; fileRef = 7E5AC1D6299DD3A500FFAA0D /* AboutTableViewCell.swift */; };
		7E5AC1D9299DDC2B00FFAA0D /* AboutCellModel.swift in Sources */ = {isa = PBXBuildFile; fileRef = 7E5AC1D8299DDC2B00FFAA0D /* AboutCellModel.swift */; };
		7E5AC1DB299E09BC00FFAA0D /* String+Extension.swift in Sources */ = {isa = PBXBuildFile; fileRef = 7E5AC1DA299E09BC00FFAA0D /* String+Extension.swift */; };
		7E5AC1DE299E135B00FFAA0D /* APICall.swift in Sources */ = {isa = PBXBuildFile; fileRef = 7E5AC1DD299E135B00FFAA0D /* APICall.swift */; };
		7E5B1B062A95F751003F561A /* PokepediaCore in Frameworks */ = {isa = PBXBuildFile; productRef = 7E5B1B052A95F751003F561A /* PokepediaCore */; };
		7E5B1B082A95F751003F561A /* PokepediaSpecies in Frameworks */ = {isa = PBXBuildFile; productRef = 7E5B1B072A95F751003F561A /* PokepediaSpecies */; };
		7E652F7F2A823D710019FE96 /* FavoriteTableViewCell.swift in Sources */ = {isa = PBXBuildFile; fileRef = 7E652F7E2A823D710019FE96 /* FavoriteTableViewCell.swift */; };
		7E6AA2312A79DDAF00D9FFB7 /* MainTabBarController.swift in Sources */ = {isa = PBXBuildFile; fileRef = 7E6AA2302A79DDAF00D9FFB7 /* MainTabBarController.swift */; };
		7E6AA2342A79DFB300D9FFB7 /* FavoriteViewController.swift in Sources */ = {isa = PBXBuildFile; fileRef = 7E6AA2332A79DFB300D9FFB7 /* FavoriteViewController.swift */; };
		7E6AA23A2A7A49BA00D9FFB7 /* LocalDataSource.swift in Sources */ = {isa = PBXBuildFile; fileRef = 7E6AA2392A7A49BA00D9FFB7 /* LocalDataSource.swift */; };
		7E6F940A299010BA004B2537 /* AppDelegate.swift in Sources */ = {isa = PBXBuildFile; fileRef = 7E6F9409299010BA004B2537 /* AppDelegate.swift */; };
		7E6F940C299010BA004B2537 /* SceneDelegate.swift in Sources */ = {isa = PBXBuildFile; fileRef = 7E6F940B299010BA004B2537 /* SceneDelegate.swift */; };
		7E6F9413299010BB004B2537 /* Assets.xcassets in Resources */ = {isa = PBXBuildFile; fileRef = 7E6F9412299010BB004B2537 /* Assets.xcassets */; };
		7E6F9416299010BB004B2537 /* LaunchScreen.storyboard in Resources */ = {isa = PBXBuildFile; fileRef = 7E6F9414299010BB004B2537 /* LaunchScreen.storyboard */; };
		7E6F941F2990110E004B2537 /* HomeViewController.swift in Sources */ = {isa = PBXBuildFile; fileRef = 7E6F941E2990110E004B2537 /* HomeViewController.swift */; };
		7E7FFC922A749E1900FC1910 /* loading.json in Resources */ = {isa = PBXBuildFile; fileRef = 7E7FFC912A749E1900FC1910 /* loading.json */; };
		7E7FFC9A2A74B09E00FC1910 /* ProfilePresenter.swift in Sources */ = {isa = PBXBuildFile; fileRef = 7E7FFC992A74B09E00FC1910 /* ProfilePresenter.swift */; };
		7E7FFC9C2A74B0AE00FC1910 /* ProfileRouter.swift in Sources */ = {isa = PBXBuildFile; fileRef = 7E7FFC9B2A74B0AE00FC1910 /* ProfileRouter.swift */; };
		7E7FFC9E2A74B0C500FC1910 /* ProfileViewController.swift in Sources */ = {isa = PBXBuildFile; fileRef = 7E7FFC9D2A74B0C500FC1910 /* ProfileViewController.swift */; };
		7E815FEB2A95FC9F00F6D3BD /* SDWebImage in Frameworks */ = {isa = PBXBuildFile; productRef = 7E815FEA2A95FC9F00F6D3BD /* SDWebImage */; };
		7E81601F2A9607F800F6D3BD /* DGCharts in Frameworks */ = {isa = PBXBuildFile; productRef = 7E81601E2A9607F800F6D3BD /* DGCharts */; };
		7E8DD6AE2A86DA4B009C557A /* MockPokemonRepository.swift in Sources */ = {isa = PBXBuildFile; fileRef = 7E8DD6AD2A86DA4B009C557A /* MockPokemonRepository.swift */; };
		7EE1328F299A4DBE00FFB47B /* PokemonMapper.swift in Sources */ = {isa = PBXBuildFile; fileRef = 7EE1328E299A4DBE00FFB47B /* PokemonMapper.swift */; };
		7EE13293299A551200FFB47B /* Injection.swift in Sources */ = {isa = PBXBuildFile; fileRef = 7EE13292299A551200FFB47B /* Injection.swift */; };
		7EE1329D299A5B8700FFB47B /* HomeRouter.swift in Sources */ = {isa = PBXBuildFile; fileRef = 7EE1329C299A5B8700FFB47B /* HomeRouter.swift */; };
		7EE1BC322A8686EE00881C1E /* HomeUseCaseTests.swift in Sources */ = {isa = PBXBuildFile; fileRef = 7EE1BC312A8686EE00881C1E /* HomeUseCaseTests.swift */; };
		7EE1BC342A868A0400881C1E /* DummyData.swift in Sources */ = {isa = PBXBuildFile; fileRef = 7EE1BC332A868A0400881C1E /* DummyData.swift */; };
/* End PBXBuildFile section */

/* Begin PBXContainerItemProxy section */
		7EE1BC2B2A86851900881C1E /* PBXContainerItemProxy */ = {
			isa = PBXContainerItemProxy;
			containerPortal = 7E6F93FE299010BA004B2537 /* Project object */;
			proxyType = 1;
			remoteGlobalIDString = 7E6F9405299010BA004B2537;
			remoteInfo = Pokepedia;
		};
/* End PBXContainerItemProxy section */

/* Begin PBXCopyFilesBuildPhase section */
		7E1BC7A529940DA000A14767 /* Embed Frameworks */ = {
			isa = PBXCopyFilesBuildPhase;
			buildActionMask = 2147483647;
			dstPath = "";
			dstSubfolderSpec = 10;
			files = (
			);
			name = "Embed Frameworks";
			runOnlyForDeploymentPostprocessing = 0;
		};
/* End PBXCopyFilesBuildPhase section */

/* Begin PBXFileReference section */
		7E02472C2995E11A00EECAA9 /* Pokepedia.app */ = {isa = PBXFileReference; explicitFileType = wrapper.application; includeInIndex = 0; path = Pokepedia.app; sourceTree = BUILT_PRODUCTS_DIR; };
		7E02472D2996103400EECAA9 /* DetailPokemonViewController.swift */ = {isa = PBXFileReference; lastKnownFileType = sourcecode.swift; path = DetailPokemonViewController.swift; sourceTree = "<group>"; };
		7E0247552996A71300EECAA9 /* AboutSubViewController.swift */ = {isa = PBXFileReference; lastKnownFileType = sourcecode.swift; path = AboutSubViewController.swift; sourceTree = "<group>"; };
		7E0247572996A73400EECAA9 /* BaseStatSubViewController.swift */ = {isa = PBXFileReference; lastKnownFileType = sourcecode.swift; path = BaseStatSubViewController.swift; sourceTree = "<group>"; };
		7E0247592996A75500EECAA9 /* MovesSubViewController.swift */ = {isa = PBXFileReference; lastKnownFileType = sourcecode.swift; path = MovesSubViewController.swift; sourceTree = "<group>"; };
		7E04A8FB2A8785A40096CFC4 /* PokepediaTests.xctest */ = {isa = PBXFileReference; explicitFileType = wrapper.cfbundle; includeInIndex = 0; path = PokepediaTests.xctest; sourceTree = BUILT_PRODUCTS_DIR; };
		7E04A8FE2A878AF10096CFC4 /* error.json */ = {isa = PBXFileReference; fileEncoding = 4; lastKnownFileType = text.json; path = error.json; sourceTree = "<group>"; };
		7E109C752A97F350005FAA2C /* DetailPresenter.swift */ = {isa = PBXFileReference; lastKnownFileType = sourcecode.swift; path = DetailPresenter.swift; sourceTree = "<group>"; };
		7E188238299147AC00C6CB64 /* PokemonCollectionViewCell.swift */ = {isa = PBXFileReference; lastKnownFileType = sourcecode.swift; path = PokemonCollectionViewCell.swift; sourceTree = "<group>"; };
		7E18CC602A810DC70067D78D /* FavoritePresenter.swift */ = {isa = PBXFileReference; lastKnownFileType = sourcecode.swift; path = FavoritePresenter.swift; sourceTree = "<group>"; };
		7E18CC622A810DDF0067D78D /* FavoriteRouter.swift */ = {isa = PBXFileReference; lastKnownFileType = sourcecode.swift; path = FavoriteRouter.swift; sourceTree = "<group>"; };
		7E18CC642A8111560067D78D /* FavoriteInteractor.swift */ = {isa = PBXFileReference; lastKnownFileType = sourcecode.swift; path = FavoriteInteractor.swift; sourceTree = "<group>"; };
		7E1F86562A86FD0200A84B69 /* FavoriteUseCase.swift */ = {isa = PBXFileReference; lastKnownFileType = sourcecode.swift; path = FavoriteUseCase.swift; sourceTree = "<group>"; };
		7E1F865A2A8707C200A84B69 /* DetailPokemonUseCaseTests.swift */ = {isa = PBXFileReference; lastKnownFileType = sourcecode.swift; path = DetailPokemonUseCaseTests.swift; sourceTree = "<group>"; };
		7E393A38299BAB250033920C /* PokemonConverter.swift */ = {isa = PBXFileReference; lastKnownFileType = sourcecode.swift; path = PokemonConverter.swift; sourceTree = "<group>"; };
		7E393A3F299BDBBA0033920C /* DetailPokemonRouter.swift */ = {isa = PBXFileReference; lastKnownFileType = sourcecode.swift; path = DetailPokemonRouter.swift; sourceTree = "<group>"; };
		7E393A41299BDBC50033920C /* DetailPokemonPresenter.swift */ = {isa = PBXFileReference; lastKnownFileType = sourcecode.swift; path = DetailPokemonPresenter.swift; sourceTree = "<group>"; };
		7E393A43299BE1C30033920C /* DetailPokemonInteractor.swift */ = {isa = PBXFileReference; lastKnownFileType = sourcecode.swift; path = DetailPokemonInteractor.swift; sourceTree = "<group>"; };
		7E444BEC2A96EF6600F3C971 /* PokepediaPokemon */ = {isa = PBXFileReference; lastKnownFileType = wrapper; name = PokepediaPokemon; path = ../Module/PokepediaPokemon; sourceTree = "<group>"; };
		7E444BF12A97362200F3C971 /* HomePokemonPresenter.swift */ = {isa = PBXFileReference; lastKnownFileType = sourcecode.swift; path = HomePokemonPresenter.swift; sourceTree = "<group>"; };
		7E47C376299754AE00CFFB54 /* BaseStatTableViewCell.swift */ = {isa = PBXFileReference; lastKnownFileType = sourcecode.swift; path = BaseStatTableViewCell.swift; sourceTree = "<group>"; };
		7E47C378299768B700CFFB54 /* MovesTableViewCell.swift */ = {isa = PBXFileReference; lastKnownFileType = sourcecode.swift; path = MovesTableViewCell.swift; sourceTree = "<group>"; };
		7E47C3832997784000CFFB54 /* Poppins-ExtraBold.ttf */ = {isa = PBXFileReference; lastKnownFileType = file; path = "Poppins-ExtraBold.ttf"; sourceTree = "<group>"; };
		7E47C3842997784000CFFB54 /* Poppins-Medium.ttf */ = {isa = PBXFileReference; lastKnownFileType = file; path = "Poppins-Medium.ttf"; sourceTree = "<group>"; };
		7E47C3852997784000CFFB54 /* Poppins-Light.ttf */ = {isa = PBXFileReference; lastKnownFileType = file; path = "Poppins-Light.ttf"; sourceTree = "<group>"; };
		7E47C3862997784000CFFB54 /* Poppins-SemiBold.ttf */ = {isa = PBXFileReference; lastKnownFileType = file; path = "Poppins-SemiBold.ttf"; sourceTree = "<group>"; };
		7E47C3872997784000CFFB54 /* Poppins-LightItalic.ttf */ = {isa = PBXFileReference; lastKnownFileType = file; path = "Poppins-LightItalic.ttf"; sourceTree = "<group>"; };
		7E47C3882997784000CFFB54 /* Poppins-Regular.ttf */ = {isa = PBXFileReference; lastKnownFileType = file; path = "Poppins-Regular.ttf"; sourceTree = "<group>"; };
		7E47C3892997784000CFFB54 /* Poppins-ThinItalic.ttf */ = {isa = PBXFileReference; lastKnownFileType = file; path = "Poppins-ThinItalic.ttf"; sourceTree = "<group>"; };
		7E47C38A2997784000CFFB54 /* Poppins-Italic.ttf */ = {isa = PBXFileReference; lastKnownFileType = file; path = "Poppins-Italic.ttf"; sourceTree = "<group>"; };
		7E47C38B2997784000CFFB54 /* Poppins-Bold.ttf */ = {isa = PBXFileReference; lastKnownFileType = file; path = "Poppins-Bold.ttf"; sourceTree = "<group>"; };
		7E47C38C2997784000CFFB54 /* Poppins-MediumItalic.ttf */ = {isa = PBXFileReference; lastKnownFileType = file; path = "Poppins-MediumItalic.ttf"; sourceTree = "<group>"; };
		7E47C38D2997784000CFFB54 /* Poppins-BoldItalic.ttf */ = {isa = PBXFileReference; lastKnownFileType = file; path = "Poppins-BoldItalic.ttf"; sourceTree = "<group>"; };
		7E47C38E2997784000CFFB54 /* Poppins-ExtraLightItalic.ttf */ = {isa = PBXFileReference; lastKnownFileType = file; path = "Poppins-ExtraLightItalic.ttf"; sourceTree = "<group>"; };
		7E47C38F2997784000CFFB54 /* Poppins-ExtraLight.ttf */ = {isa = PBXFileReference; lastKnownFileType = file; path = "Poppins-ExtraLight.ttf"; sourceTree = "<group>"; };
		7E47C3902997784000CFFB54 /* Poppins-BlackItalic.ttf */ = {isa = PBXFileReference; lastKnownFileType = file; path = "Poppins-BlackItalic.ttf"; sourceTree = "<group>"; };
		7E47C3912997784000CFFB54 /* Poppins-SemiBoldItalic.ttf */ = {isa = PBXFileReference; lastKnownFileType = file; path = "Poppins-SemiBoldItalic.ttf"; sourceTree = "<group>"; };
		7E47C3922997784100CFFB54 /* Poppins-Thin.ttf */ = {isa = PBXFileReference; lastKnownFileType = file; path = "Poppins-Thin.ttf"; sourceTree = "<group>"; };
		7E47C3932997784100CFFB54 /* Poppins-Black.ttf */ = {isa = PBXFileReference; lastKnownFileType = file; path = "Poppins-Black.ttf"; sourceTree = "<group>"; };
		7E47C3942997784100CFFB54 /* Poppins-ExtraBoldItalic.ttf */ = {isa = PBXFileReference; lastKnownFileType = file; path = "Poppins-ExtraBoldItalic.ttf"; sourceTree = "<group>"; };
		7E47C3A82997790D00CFFB54 /* Comfortaa-SemiBold.ttf */ = {isa = PBXFileReference; lastKnownFileType = file; path = "Comfortaa-SemiBold.ttf"; sourceTree = "<group>"; };
		7E47C3A92997790D00CFFB54 /* Comfortaa-Light.ttf */ = {isa = PBXFileReference; lastKnownFileType = file; path = "Comfortaa-Light.ttf"; sourceTree = "<group>"; };
		7E47C3AA2997790D00CFFB54 /* Comfortaa-Bold.ttf */ = {isa = PBXFileReference; lastKnownFileType = file; path = "Comfortaa-Bold.ttf"; sourceTree = "<group>"; };
		7E47C3AB2997790D00CFFB54 /* Comfortaa-Regular.ttf */ = {isa = PBXFileReference; lastKnownFileType = file; path = "Comfortaa-Regular.ttf"; sourceTree = "<group>"; };
		7E47C3AC2997790D00CFFB54 /* Comfortaa-Medium.ttf */ = {isa = PBXFileReference; lastKnownFileType = file; path = "Comfortaa-Medium.ttf"; sourceTree = "<group>"; };
		7E47C3B3299779C700CFFB54 /* UIFont+Extensions.swift */ = {isa = PBXFileReference; lastKnownFileType = sourcecode.swift; path = "UIFont+Extensions.swift"; sourceTree = "<group>"; };
		7E47C3B92997ACC400CFFB54 /* PokemonPageResponse.swift */ = {isa = PBXFileReference; lastKnownFileType = sourcecode.swift; path = PokemonPageResponse.swift; sourceTree = "<group>"; };
		7E47C3EA2997F3A500CFFB54 /* RemoteDataSource.swift */ = {isa = PBXFileReference; lastKnownFileType = sourcecode.swift; path = RemoteDataSource.swift; sourceTree = "<group>"; };
		7E47C3EC2997F67200CFFB54 /* CustomError+Extensions.swift */ = {isa = PBXFileReference; lastKnownFileType = sourcecode.swift; path = "CustomError+Extensions.swift"; sourceTree = "<group>"; };
		7E47C3EE2997F78900CFFB54 /* PokemonRepository.swift */ = {isa = PBXFileReference; lastKnownFileType = sourcecode.swift; path = PokemonRepository.swift; sourceTree = "<group>"; };
		7E47C3F02997F92D00CFFB54 /* PokemonDetailResponse.swift */ = {isa = PBXFileReference; lastKnownFileType = sourcecode.swift; path = PokemonDetailResponse.swift; sourceTree = "<group>"; };
		7E4A4E662A84FE2100FF13D5 /* empty.json */ = {isa = PBXFileReference; fileEncoding = 4; lastKnownFileType = text.json; path = empty.json; sourceTree = "<group>"; };
		7E54BC542A9959A800DF0814 /* FavoritePokemonPresenter.swift */ = {isa = PBXFileReference; lastKnownFileType = sourcecode.swift; path = FavoritePokemonPresenter.swift; sourceTree = "<group>"; };
		7E5AC1D6299DD3A500FFAA0D /* AboutTableViewCell.swift */ = {isa = PBXFileReference; lastKnownFileType = sourcecode.swift; path = AboutTableViewCell.swift; sourceTree = "<group>"; };
		7E5AC1D8299DDC2B00FFAA0D /* AboutCellModel.swift */ = {isa = PBXFileReference; lastKnownFileType = sourcecode.swift; path = AboutCellModel.swift; sourceTree = "<group>"; };
		7E5AC1DA299E09BC00FFAA0D /* String+Extension.swift */ = {isa = PBXFileReference; lastKnownFileType = sourcecode.swift; path = "String+Extension.swift"; sourceTree = "<group>"; };
		7E5AC1DD299E135B00FFAA0D /* APICall.swift */ = {isa = PBXFileReference; fileEncoding = 4; lastKnownFileType = sourcecode.swift; path = APICall.swift; sourceTree = "<group>"; };
		7E5B1AFF2A92A434003F561A /* PokepediaCore */ = {isa = PBXFileReference; lastKnownFileType = wrapper; name = PokepediaCore; path = ../Module/PokepediaCore; sourceTree = "<group>"; };
		7E5B1B002A940D40003F561A /* PokepediaSpecies */ = {isa = PBXFileReference; lastKnownFileType = wrapper; name = PokepediaSpecies; path = ../Module/PokepediaSpecies; sourceTree = "<group>"; };
		7E652F7E2A823D710019FE96 /* FavoriteTableViewCell.swift */ = {isa = PBXFileReference; lastKnownFileType = sourcecode.swift; path = FavoriteTableViewCell.swift; sourceTree = "<group>"; };
		7E6AA2302A79DDAF00D9FFB7 /* MainTabBarController.swift */ = {isa = PBXFileReference; lastKnownFileType = sourcecode.swift; path = MainTabBarController.swift; sourceTree = "<group>"; };
		7E6AA2332A79DFB300D9FFB7 /* FavoriteViewController.swift */ = {isa = PBXFileReference; lastKnownFileType = sourcecode.swift; path = FavoriteViewController.swift; sourceTree = "<group>"; };
		7E6AA2392A7A49BA00D9FFB7 /* LocalDataSource.swift */ = {isa = PBXFileReference; lastKnownFileType = sourcecode.swift; path = LocalDataSource.swift; sourceTree = "<group>"; };
		7E6F9409299010BA004B2537 /* AppDelegate.swift */ = {isa = PBXFileReference; lastKnownFileType = sourcecode.swift; path = AppDelegate.swift; sourceTree = "<group>"; };
		7E6F940B299010BA004B2537 /* SceneDelegate.swift */ = {isa = PBXFileReference; lastKnownFileType = sourcecode.swift; path = SceneDelegate.swift; sourceTree = "<group>"; };
		7E6F9412299010BB004B2537 /* Assets.xcassets */ = {isa = PBXFileReference; lastKnownFileType = folder.assetcatalog; path = Assets.xcassets; sourceTree = "<group>"; };
		7E6F9415299010BB004B2537 /* Base */ = {isa = PBXFileReference; lastKnownFileType = file.storyboard; name = Base; path = Base.lproj/LaunchScreen.storyboard; sourceTree = "<group>"; };
		7E6F9417299010BB004B2537 /* Info.plist */ = {isa = PBXFileReference; lastKnownFileType = text.plist.xml; path = Info.plist; sourceTree = "<group>"; };
		7E6F941E2990110E004B2537 /* HomeViewController.swift */ = {isa = PBXFileReference; lastKnownFileType = sourcecode.swift; path = HomeViewController.swift; sourceTree = "<group>"; };
		7E7FFC912A749E1900FC1910 /* loading.json */ = {isa = PBXFileReference; fileEncoding = 4; lastKnownFileType = text.json; path = loading.json; sourceTree = "<group>"; };
		7E7FFC992A74B09E00FC1910 /* ProfilePresenter.swift */ = {isa = PBXFileReference; lastKnownFileType = sourcecode.swift; path = ProfilePresenter.swift; sourceTree = "<group>"; };
		7E7FFC9B2A74B0AE00FC1910 /* ProfileRouter.swift */ = {isa = PBXFileReference; lastKnownFileType = sourcecode.swift; path = ProfileRouter.swift; sourceTree = "<group>"; };
		7E7FFC9D2A74B0C500FC1910 /* ProfileViewController.swift */ = {isa = PBXFileReference; lastKnownFileType = sourcecode.swift; path = ProfileViewController.swift; sourceTree = "<group>"; };
		7E8DD6AD2A86DA4B009C557A /* MockPokemonRepository.swift */ = {isa = PBXFileReference; lastKnownFileType = sourcecode.swift; path = MockPokemonRepository.swift; sourceTree = "<group>"; };
		7EE1328E299A4DBE00FFB47B /* PokemonMapper.swift */ = {isa = PBXFileReference; lastKnownFileType = sourcecode.swift; path = PokemonMapper.swift; sourceTree = "<group>"; };
		7EE13292299A551200FFB47B /* Injection.swift */ = {isa = PBXFileReference; lastKnownFileType = sourcecode.swift; path = Injection.swift; sourceTree = "<group>"; };
		7EE1329C299A5B8700FFB47B /* HomeRouter.swift */ = {isa = PBXFileReference; lastKnownFileType = sourcecode.swift; path = HomeRouter.swift; sourceTree = "<group>"; };
		7EE1BC312A8686EE00881C1E /* HomeUseCaseTests.swift */ = {isa = PBXFileReference; lastKnownFileType = sourcecode.swift; path = HomeUseCaseTests.swift; sourceTree = "<group>"; };
		7EE1BC332A868A0400881C1E /* DummyData.swift */ = {isa = PBXFileReference; lastKnownFileType = sourcecode.swift; path = DummyData.swift; sourceTree = "<group>"; };
		7EFF73002A82D43400E972EE /* .swiftlint.yml */ = {isa = PBXFileReference; lastKnownFileType = text.yaml; path = .swiftlint.yml; sourceTree = "<group>"; };
/* End PBXFileReference section */

/* Begin PBXFrameworksBuildPhase section */
		7E6F9403299010BA004B2537 /* Frameworks */ = {
			isa = PBXFrameworksBuildPhase;
			buildActionMask = 2147483647;
			files = (
				7E815FEB2A95FC9F00F6D3BD /* SDWebImage in Frameworks */,
				7E444BEE2A97303300F3C971 /* PokepediaPokemon in Frameworks */,
				7E5B1B082A95F751003F561A /* PokepediaSpecies in Frameworks */,
				7E81601F2A9607F800F6D3BD /* DGCharts in Frameworks */,
				7E5B1B062A95F751003F561A /* PokepediaCore in Frameworks */,
				7E584DE12A95F9BF00CF4445 /* Lottie in Frameworks */,
			);
			runOnlyForDeploymentPostprocessing = 0;
		};
		7EE1BC242A86851900881C1E /* Frameworks */ = {
			isa = PBXFrameworksBuildPhase;
			buildActionMask = 2147483647;
			files = (
			);
			runOnlyForDeploymentPostprocessing = 0;
		};
/* End PBXFrameworksBuildPhase section */

/* Begin PBXGroup section */
		7E18CC5D2A810D6D0067D78D /* View */ = {
			isa = PBXGroup;
			children = (
				7E652F7D2A82305B0019FE96 /* Cell */,
			);
			path = View;
			sourceTree = "<group>";
		};
		7E18CC5E2A810D720067D78D /* Router */ = {
			isa = PBXGroup;
			children = (
				7E18CC622A810DDF0067D78D /* FavoriteRouter.swift */,
			);
			path = Router;
			sourceTree = "<group>";
		};
		7E18CC5F2A810D7A0067D78D /* Presenter */ = {
			isa = PBXGroup;
			children = (
				7E18CC602A810DC70067D78D /* FavoritePresenter.swift */,
				7E54BC542A9959A800DF0814 /* FavoritePokemonPresenter.swift */,
			);
			path = Presenter;
			sourceTree = "<group>";
		};
		7E1C9894299FD69C00DC7967 /* SubView */ = {
			isa = PBXGroup;
			children = (
				7E0247552996A71300EECAA9 /* AboutSubViewController.swift */,
				7E0247572996A73400EECAA9 /* BaseStatSubViewController.swift */,
				7E0247592996A75500EECAA9 /* MovesSubViewController.swift */,
			);
			path = SubView;
			sourceTree = "<group>";
		};
		7E1C9895299FD6AA00DC7967 /* Cell */ = {
			isa = PBXGroup;
			children = (
				7E47C378299768B700CFFB54 /* MovesTableViewCell.swift */,
				7E47C376299754AE00CFFB54 /* BaseStatTableViewCell.swift */,
				7E5AC1D6299DD3A500FFAA0D /* AboutTableViewCell.swift */,
			);
			path = Cell;
			sourceTree = "<group>";
		};
		7E1C9896299FD6BF00DC7967 /* Cell */ = {
			isa = PBXGroup;
			children = (
				7E188238299147AC00C6CB64 /* PokemonCollectionViewCell.swift */,
			);
			path = Cell;
			sourceTree = "<group>";
		};
		7E393A3A299BDB3D0033920C /* Home */ = {
			isa = PBXGroup;
			children = (
				7EE132CC299A8BBE00FFB47B /* View */,
				7EE1329A299A5B6400FFB47B /* Router */,
				7EE13299299A5B5700FFB47B /* Presenter */,
			);
			path = Home;
			sourceTree = "<group>";
		};
		7E393A3B299BDB690033920C /* DetailPokemon */ = {
			isa = PBXGroup;
			children = (
				7E393A3E299BDB9A0033920C /* Presenter */,
				7E393A3D299BDB930033920C /* Router */,
				7E393A3C299BDB710033920C /* View */,
			);
			path = DetailPokemon;
			sourceTree = "<group>";
		};
		7E393A3C299BDB710033920C /* View */ = {
			isa = PBXGroup;
			children = (
				7E1C9895299FD6AA00DC7967 /* Cell */,
				7E1C9894299FD69C00DC7967 /* SubView */,
				7E02472D2996103400EECAA9 /* DetailPokemonViewController.swift */,
			);
			path = View;
			sourceTree = "<group>";
		};
		7E393A3D299BDB930033920C /* Router */ = {
			isa = PBXGroup;
			children = (
				7E393A3F299BDBBA0033920C /* DetailPokemonRouter.swift */,
			);
			path = Router;
			sourceTree = "<group>";
		};
		7E393A3E299BDB9A0033920C /* Presenter */ = {
			isa = PBXGroup;
			children = (
				7E393A41299BDBC50033920C /* DetailPokemonPresenter.swift */,
				7E109C752A97F350005FAA2C /* DetailPresenter.swift */,
			);
			path = Presenter;
			sourceTree = "<group>";
		};
		7E47C37A2997710300CFFB54 /* Font */ = {
			isa = PBXGroup;
			children = (
				7E47C3A72997790000CFFB54 /* Comfortaa */,
				7E47C3822997782400CFFB54 /* Poppins */,
			);
			path = Font;
			sourceTree = "<group>";
		};
		7E47C3822997782400CFFB54 /* Poppins */ = {
			isa = PBXGroup;
			children = (
				7E47C3932997784100CFFB54 /* Poppins-Black.ttf */,
				7E47C3902997784000CFFB54 /* Poppins-BlackItalic.ttf */,
				7E47C38B2997784000CFFB54 /* Poppins-Bold.ttf */,
				7E47C38D2997784000CFFB54 /* Poppins-BoldItalic.ttf */,
				7E47C3832997784000CFFB54 /* Poppins-ExtraBold.ttf */,
				7E47C3942997784100CFFB54 /* Poppins-ExtraBoldItalic.ttf */,
				7E47C38F2997784000CFFB54 /* Poppins-ExtraLight.ttf */,
				7E47C38E2997784000CFFB54 /* Poppins-ExtraLightItalic.ttf */,
				7E47C38A2997784000CFFB54 /* Poppins-Italic.ttf */,
				7E47C3852997784000CFFB54 /* Poppins-Light.ttf */,
				7E47C3872997784000CFFB54 /* Poppins-LightItalic.ttf */,
				7E47C3842997784000CFFB54 /* Poppins-Medium.ttf */,
				7E47C38C2997784000CFFB54 /* Poppins-MediumItalic.ttf */,
				7E47C3882997784000CFFB54 /* Poppins-Regular.ttf */,
				7E47C3862997784000CFFB54 /* Poppins-SemiBold.ttf */,
				7E47C3912997784000CFFB54 /* Poppins-SemiBoldItalic.ttf */,
				7E47C3922997784100CFFB54 /* Poppins-Thin.ttf */,
				7E47C3892997784000CFFB54 /* Poppins-ThinItalic.ttf */,
			);
			path = Poppins;
			sourceTree = "<group>";
		};
		7E47C3A72997790000CFFB54 /* Comfortaa */ = {
			isa = PBXGroup;
			children = (
				7E47C3AA2997790D00CFFB54 /* Comfortaa-Bold.ttf */,
				7E47C3A92997790D00CFFB54 /* Comfortaa-Light.ttf */,
				7E47C3AC2997790D00CFFB54 /* Comfortaa-Medium.ttf */,
				7E47C3AB2997790D00CFFB54 /* Comfortaa-Regular.ttf */,
				7E47C3A82997790D00CFFB54 /* Comfortaa-SemiBold.ttf */,
			);
			path = Comfortaa;
			sourceTree = "<group>";
		};
		7E47C3B2299779AA00CFFB54 /* Extension */ = {
			isa = PBXGroup;
			children = (
				7E47C3B3299779C700CFFB54 /* UIFont+Extensions.swift */,
				7E47C3EC2997F67200CFFB54 /* CustomError+Extensions.swift */,
				7E5AC1DA299E09BC00FFAA0D /* String+Extension.swift */,
			);
			path = Extension;
			sourceTree = "<group>";
		};
		7E47C3DD2997EC0E00CFFB54 /* Core */ = {
			isa = PBXGroup;
			children = (
				7EE13291299A550600FFB47B /* DI */,
				7E47C3E02997EC3900CFFB54 /* Domain */,
				7E47C3DE2997EC1900CFFB54 /* Data */,
			);
			path = Core;
			sourceTree = "<group>";
		};
		7E47C3DE2997EC1900CFFB54 /* Data */ = {
			isa = PBXGroup;
			children = (
				7E6AA2352A7A2F7000D9FFB7 /* Locale */,
				7E47C3EE2997F78900CFFB54 /* PokemonRepository.swift */,
			);
			path = Data;
			sourceTree = "<group>";
		};
		7E47C3DF2997EC2400CFFB54 /* Remote */ = {
			isa = PBXGroup;
			children = (
				7E47C3E42997F16900CFFB54 /* Response */,
				7E47C3EA2997F3A500CFFB54 /* RemoteDataSource.swift */,
			);
			path = Remote;
			sourceTree = "<group>";
		};
		7E47C3E02997EC3900CFFB54 /* Domain */ = {
			isa = PBXGroup;
			children = (
				7EE13295299A577F00FFB47B /* UseCase */,
				7E47C3E12997EC4800CFFB54 /* Model */,
			);
			path = Domain;
			sourceTree = "<group>";
		};
		7E47C3E12997EC4800CFFB54 /* Model */ = {
			isa = PBXGroup;
			children = (
				7E5AC1D8299DDC2B00FFAA0D /* AboutCellModel.swift */,
			);
			path = Model;
			sourceTree = "<group>";
		};
		7E47C3E42997F16900CFFB54 /* Response */ = {
			isa = PBXGroup;
			children = (
				7E47C3B92997ACC400CFFB54 /* PokemonPageResponse.swift */,
				7E47C3F02997F92D00CFFB54 /* PokemonDetailResponse.swift */,
			);
			path = Response;
			sourceTree = "<group>";
		};
		7E47C3E52997F29C00CFFB54 /* Utils */ = {
			isa = PBXGroup;
			children = (
				7E5AC1DC299E135200FFAA0D /* Network */,
				7E47C3B2299779AA00CFFB54 /* Extension */,
				7E47C3E62997F2A800CFFB54 /* Mapper */,
			);
			path = Utils;
			sourceTree = "<group>";
		};
		7E47C3E62997F2A800CFFB54 /* Mapper */ = {
			isa = PBXGroup;
			children = (
				7EE1328E299A4DBE00FFB47B /* PokemonMapper.swift */,
				7E393A38299BAB250033920C /* PokemonConverter.swift */,
			);
			path = Mapper;
			sourceTree = "<group>";
		};
		7E5AC1DC299E135200FFAA0D /* Network */ = {
			isa = PBXGroup;
			children = (
				7E5AC1DD299E135B00FFAA0D /* APICall.swift */,
			);
			path = Network;
			sourceTree = "<group>";
		};
		7E5B1AFE2A92A434003F561A /* Packages */ = {
			isa = PBXGroup;
			children = (
				7E5B1AFF2A92A434003F561A /* PokepediaCore */,
				7E5B1B002A940D40003F561A /* PokepediaSpecies */,
				7E444BEC2A96EF6600F3C971 /* PokepediaPokemon */,
			);
			name = Packages;
			sourceTree = "<group>";
		};
		7E652F7D2A82305B0019FE96 /* Cell */ = {
			isa = PBXGroup;
			children = (
				7E652F7E2A823D710019FE96 /* FavoriteTableViewCell.swift */,
			);
			path = Cell;
			sourceTree = "<group>";
		};
		7E6AA22F2A79DD8D00D9FFB7 /* TabBar */ = {
			isa = PBXGroup;
			children = (
				7E6AA2302A79DDAF00D9FFB7 /* MainTabBarController.swift */,
			);
			path = TabBar;
			sourceTree = "<group>";
		};
		7E6AA2322A79DFA000D9FFB7 /* Favorite */ = {
			isa = PBXGroup;
			children = (
				7E18CC5F2A810D7A0067D78D /* Presenter */,
				7E18CC5E2A810D720067D78D /* Router */,
				7E18CC5D2A810D6D0067D78D /* View */,
				7E6AA2332A79DFB300D9FFB7 /* FavoriteViewController.swift */,
			);
			path = Favorite;
			sourceTree = "<group>";
		};
		7E6AA2352A7A2F7000D9FFB7 /* Locale */ = {
			isa = PBXGroup;
			children = (
				7E6AA2362A7A2F8000D9FFB7 /* Entity */,
				7E6AA2392A7A49BA00D9FFB7 /* LocalDataSource.swift */,
				7E47C3DF2997EC2400CFFB54 /* Remote */,
			);
			path = Locale;
			sourceTree = "<group>";
		};
		7E6AA2362A7A2F8000D9FFB7 /* Entity */ = {
			isa = PBXGroup;
			children = (
			);
			path = Entity;
			sourceTree = "<group>";
		};
		7E6F93FD299010BA004B2537 = {
			isa = PBXGroup;
			children = (
				7E5B1AFE2A92A434003F561A /* Packages */,
				7EFF73002A82D43400E972EE /* .swiftlint.yml */,
				7E6F9408299010BA004B2537 /* Pokepedia */,
				7EE1BC282A86851900881C1E /* PokepediaTests */,
				7E02472C2995E11A00EECAA9 /* Pokepedia.app */,
				7E04A8FB2A8785A40096CFC4 /* PokepediaTests.xctest */,
				7E815FED2A95FE5000F6D3BD /* Frameworks */,
			);
			sourceTree = "<group>";
		};
		7E6F9408299010BA004B2537 /* Pokepedia */ = {
			isa = PBXGroup;
			children = (
				7E7FFC902A749C2800FC1910 /* LottieAsset */,
				7EE13298299A5B4800FFB47B /* Module */,
				7E47C3E52997F29C00CFFB54 /* Utils */,
				7E47C3DD2997EC0E00CFFB54 /* Core */,
				7E47C37A2997710300CFFB54 /* Font */,
				7E6F9409299010BA004B2537 /* AppDelegate.swift */,
				7E6F940B299010BA004B2537 /* SceneDelegate.swift */,
				7E6F9412299010BB004B2537 /* Assets.xcassets */,
				7E6F9414299010BB004B2537 /* LaunchScreen.storyboard */,
				7E6F9417299010BB004B2537 /* Info.plist */,
			);
			path = Pokepedia;
			sourceTree = "<group>";
		};
		7E7FFC902A749C2800FC1910 /* LottieAsset */ = {
			isa = PBXGroup;
			children = (
				7E04A8FE2A878AF10096CFC4 /* error.json */,
				7E4A4E662A84FE2100FF13D5 /* empty.json */,
				7E7FFC912A749E1900FC1910 /* loading.json */,
			);
			path = LottieAsset;
			sourceTree = "<group>";
		};
		7E7FFC952A74B02E00FC1910 /* Profile */ = {
			isa = PBXGroup;
			children = (
				7E7FFC982A74B08B00FC1910 /* Router */,
				7E7FFC972A74B08700FC1910 /* Presenter */,
				7E7FFC962A74B08100FC1910 /* View */,
			);
			path = Profile;
			sourceTree = "<group>";
		};
		7E7FFC962A74B08100FC1910 /* View */ = {
			isa = PBXGroup;
			children = (
				7E7FFC9D2A74B0C500FC1910 /* ProfileViewController.swift */,
			);
			path = View;
			sourceTree = "<group>";
		};
		7E7FFC972A74B08700FC1910 /* Presenter */ = {
			isa = PBXGroup;
			children = (
				7E7FFC992A74B09E00FC1910 /* ProfilePresenter.swift */,
			);
			path = Presenter;
			sourceTree = "<group>";
		};
		7E7FFC982A74B08B00FC1910 /* Router */ = {
			isa = PBXGroup;
			children = (
				7E7FFC9B2A74B0AE00FC1910 /* ProfileRouter.swift */,
			);
			path = Router;
			sourceTree = "<group>";
		};
		7E815FED2A95FE5000F6D3BD /* Frameworks */ = {
			isa = PBXGroup;
			children = (
			);
			name = Frameworks;
			sourceTree = "<group>";
		};
		7E8DD6AA2A86D9DF009C557A /* Mock */ = {
			isa = PBXGroup;
			children = (
				7E8DD6AD2A86DA4B009C557A /* MockPokemonRepository.swift */,
			);
			path = Mock;
			sourceTree = "<group>";
		};
		7EE13291299A550600FFB47B /* DI */ = {
			isa = PBXGroup;
			children = (
				7EE13292299A551200FFB47B /* Injection.swift */,
			);
			path = DI;
			sourceTree = "<group>";
		};
		7EE13295299A577F00FFB47B /* UseCase */ = {
			isa = PBXGroup;
			children = (
				7E393A43299BE1C30033920C /* DetailPokemonInteractor.swift */,
				7E18CC642A8111560067D78D /* FavoriteInteractor.swift */,
			);
			path = UseCase;
			sourceTree = "<group>";
		};
		7EE13298299A5B4800FFB47B /* Module */ = {
			isa = PBXGroup;
			children = (
				7E6AA2322A79DFA000D9FFB7 /* Favorite */,
				7E6AA22F2A79DD8D00D9FFB7 /* TabBar */,
				7E7FFC952A74B02E00FC1910 /* Profile */,
				7E393A3B299BDB690033920C /* DetailPokemon */,
				7E393A3A299BDB3D0033920C /* Home */,
			);
			path = Module;
			sourceTree = "<group>";
		};
		7EE13299299A5B5700FFB47B /* Presenter */ = {
			isa = PBXGroup;
			children = (
				7E444BF12A97362200F3C971 /* HomePokemonPresenter.swift */,
			);
			path = Presenter;
			sourceTree = "<group>";
		};
		7EE1329A299A5B6400FFB47B /* Router */ = {
			isa = PBXGroup;
			children = (
				7EE1329C299A5B8700FFB47B /* HomeRouter.swift */,
			);
			path = Router;
			sourceTree = "<group>";
		};
		7EE132CC299A8BBE00FFB47B /* View */ = {
			isa = PBXGroup;
			children = (
				7E1C9896299FD6BF00DC7967 /* Cell */,
				7E6F941E2990110E004B2537 /* HomeViewController.swift */,
			);
			path = View;
			sourceTree = "<group>";
		};
		7EE1BC282A86851900881C1E /* PokepediaTests */ = {
			isa = PBXGroup;
			children = (
				7E8DD6AA2A86D9DF009C557A /* Mock */,
				7EE1BC302A8686C700881C1E /* Domain */,
				7EE1BC332A868A0400881C1E /* DummyData.swift */,
			);
			path = PokepediaTests;
			sourceTree = "<group>";
		};
		7EE1BC302A8686C700881C1E /* Domain */ = {
			isa = PBXGroup;
			children = (
				7EE1BC312A8686EE00881C1E /* HomeUseCaseTests.swift */,
				7E1F86562A86FD0200A84B69 /* FavoriteUseCase.swift */,
				7E1F865A2A8707C200A84B69 /* DetailPokemonUseCaseTests.swift */,
			);
			path = Domain;
			sourceTree = "<group>";
		};
/* End PBXGroup section */

/* Begin PBXNativeTarget section */
		7E6F9405299010BA004B2537 /* Pokepedia */ = {
			isa = PBXNativeTarget;
			buildConfigurationList = 7E6F941A299010BB004B2537 /* Build configuration list for PBXNativeTarget "Pokepedia" */;
			buildPhases = (
				7E6F9402299010BA004B2537 /* Sources */,
				7E6F9403299010BA004B2537 /* Frameworks */,
				7E6F9404299010BA004B2537 /* Resources */,
				7E1BC7A529940DA000A14767 /* Embed Frameworks */,
				7EFF72FF2A82D2A600E972EE /* ShellScript */,
			);
			buildRules = (
			);
			dependencies = (
			);
			name = Pokepedia;
			packageProductDependencies = (
				7E5B1B052A95F751003F561A /* PokepediaCore */,
				7E5B1B072A95F751003F561A /* PokepediaSpecies */,
				7E584DE02A95F9BF00CF4445 /* Lottie */,
				7E815FEA2A95FC9F00F6D3BD /* SDWebImage */,
				7E81601E2A9607F800F6D3BD /* DGCharts */,
				7E444BED2A97303300F3C971 /* PokepediaPokemon */,
			);
			productName = Pokepedia;
			productReference = 7E02472C2995E11A00EECAA9 /* Pokepedia.app */;
			productType = "com.apple.product-type.application";
		};
		7EE1BC262A86851900881C1E /* PokepediaTests */ = {
			isa = PBXNativeTarget;
			buildConfigurationList = 7EE1BC2F2A86851900881C1E /* Build configuration list for PBXNativeTarget "PokepediaTests" */;
			buildPhases = (
				7EE1BC232A86851900881C1E /* Sources */,
				7EE1BC242A86851900881C1E /* Frameworks */,
				7EE1BC252A86851900881C1E /* Resources */,
			);
			buildRules = (
			);
			dependencies = (
				7EE1BC2C2A86851900881C1E /* PBXTargetDependency */,
			);
			name = PokepediaTests;
			productName = PokepediaTests;
			productReference = 7E04A8FB2A8785A40096CFC4 /* PokepediaTests.xctest */;
			productType = "com.apple.product-type.bundle.unit-test";
		};
/* End PBXNativeTarget section */

/* Begin PBXProject section */
		7E6F93FE299010BA004B2537 /* Project object */ = {
			isa = PBXProject;
			attributes = {
				BuildIndependentTargetsInParallel = 1;
				LastSwiftUpdateCheck = 1430;
				LastUpgradeCheck = 1420;
				TargetAttributes = {
					7E6F9405299010BA004B2537 = {
						CreatedOnToolsVersion = 14.2;
					};
					7EE1BC262A86851900881C1E = {
						CreatedOnToolsVersion = 14.3.1;
						TestTargetID = 7E6F9405299010BA004B2537;
					};
				};
			};
			buildConfigurationList = 7E6F9401299010BA004B2537 /* Build configuration list for PBXProject "Pokepedia" */;
			compatibilityVersion = "Xcode 14.0";
			developmentRegion = en;
			hasScannedForEncodings = 0;
			knownRegions = (
				en,
				Base,
			);
			mainGroup = 7E6F93FD299010BA004B2537;
			packageReferences = (
				7E584DDF2A95F9BF00CF4445 /* XCRemoteSwiftPackageReference "lottie-spm" */,
				7E815FE92A95FC9F00F6D3BD /* XCRemoteSwiftPackageReference "SDWebImage" */,
				7E81601D2A9607F800F6D3BD /* XCRemoteSwiftPackageReference "Charts" */,
			);
			productRefGroup = 7E6F93FD299010BA004B2537;
			projectDirPath = "";
			projectRoot = "";
			targets = (
				7E6F9405299010BA004B2537 /* Pokepedia */,
				7EE1BC262A86851900881C1E /* PokepediaTests */,
			);
		};
/* End PBXProject section */

/* Begin PBXResourcesBuildPhase section */
		7E6F9404299010BA004B2537 /* Resources */ = {
			isa = PBXResourcesBuildPhase;
			buildActionMask = 2147483647;
			files = (
				7E47C3AD2997791500CFFB54 /* Comfortaa-Bold.ttf in Resources */,
				7E47C3AE2997791500CFFB54 /* Comfortaa-Light.ttf in Resources */,
				7E47C3AF2997791500CFFB54 /* Comfortaa-Medium.ttf in Resources */,
				7E47C3B02997791500CFFB54 /* Comfortaa-Regular.ttf in Resources */,
				7E47C3B12997791500CFFB54 /* Comfortaa-SemiBold.ttf in Resources */,
				7E47C3952997786900CFFB54 /* Poppins-Black.ttf in Resources */,
				7E7FFC922A749E1900FC1910 /* loading.json in Resources */,
				7E47C3962997786900CFFB54 /* Poppins-BlackItalic.ttf in Resources */,
				7E04A8FF2A878AF10096CFC4 /* error.json in Resources */,
				7E47C3972997786900CFFB54 /* Poppins-Bold.ttf in Resources */,
				7E47C3982997786900CFFB54 /* Poppins-BoldItalic.ttf in Resources */,
				7E47C3992997786900CFFB54 /* Poppins-ExtraBold.ttf in Resources */,
				7E47C39A2997786900CFFB54 /* Poppins-ExtraBoldItalic.ttf in Resources */,
				7E47C39B2997786900CFFB54 /* Poppins-ExtraLight.ttf in Resources */,
				7E47C39C2997786900CFFB54 /* Poppins-ExtraLightItalic.ttf in Resources */,
				7E47C39D2997786900CFFB54 /* Poppins-Italic.ttf in Resources */,
				7E47C39E2997786900CFFB54 /* Poppins-Light.ttf in Resources */,
				7E47C39F2997786900CFFB54 /* Poppins-LightItalic.ttf in Resources */,
				7E47C3A02997786900CFFB54 /* Poppins-Medium.ttf in Resources */,
				7E47C3A12997786900CFFB54 /* Poppins-MediumItalic.ttf in Resources */,
				7E47C3A22997786900CFFB54 /* Poppins-Regular.ttf in Resources */,
				7E4A4E672A84FE2100FF13D5 /* empty.json in Resources */,
				7E47C3A32997786900CFFB54 /* Poppins-SemiBold.ttf in Resources */,
				7E47C3A42997786900CFFB54 /* Poppins-SemiBoldItalic.ttf in Resources */,
				7E47C3A52997786900CFFB54 /* Poppins-Thin.ttf in Resources */,
				7E47C3A62997786900CFFB54 /* Poppins-ThinItalic.ttf in Resources */,
				7E6F9416299010BB004B2537 /* LaunchScreen.storyboard in Resources */,
				7E6F9413299010BB004B2537 /* Assets.xcassets in Resources */,
			);
			runOnlyForDeploymentPostprocessing = 0;
		};
		7EE1BC252A86851900881C1E /* Resources */ = {
			isa = PBXResourcesBuildPhase;
			buildActionMask = 2147483647;
			files = (
			);
			runOnlyForDeploymentPostprocessing = 0;
		};
/* End PBXResourcesBuildPhase section */

/* Begin PBXShellScriptBuildPhase section */
		7EFF72FF2A82D2A600E972EE /* ShellScript */ = {
			isa = PBXShellScriptBuildPhase;
			buildActionMask = 2147483647;
			files = (
			);
			inputFileListPaths = (
			);
			inputPaths = (
			);
			outputFileListPaths = (
			);
			outputPaths = (
			);
			runOnlyForDeploymentPostprocessing = 0;
			shellPath = /bin/sh;
			shellScript = "
";
		};
/* End PBXShellScriptBuildPhase section */

/* Begin PBXSourcesBuildPhase section */
		7E6F9402299010BA004B2537 /* Sources */ = {
			isa = PBXSourcesBuildPhase;
			buildActionMask = 2147483647;
			files = (
				7E6F940A299010BA004B2537 /* AppDelegate.swift in Sources */,
				7E02472E2996103400EECAA9 /* DetailPokemonViewController.swift in Sources */,
				7E18CC612A810DC70067D78D /* FavoritePresenter.swift in Sources */,
				7E109C762A97F350005FAA2C /* DetailPresenter.swift in Sources */,
				7E6AA2312A79DDAF00D9FFB7 /* MainTabBarController.swift in Sources */,
				7EE1328F299A4DBE00FFB47B /* PokemonMapper.swift in Sources */,
				7E0247582996A73400EECAA9 /* BaseStatSubViewController.swift in Sources */,
				7E47C3EF2997F78900CFFB54 /* PokemonRepository.swift in Sources */,
				7E7FFC9E2A74B0C500FC1910 /* ProfileViewController.swift in Sources */,
				7E6F940C299010BA004B2537 /* SceneDelegate.swift in Sources */,
				7E54BC552A9959A800DF0814 /* FavoritePokemonPresenter.swift in Sources */,
				7E18CC632A810DDF0067D78D /* FavoriteRouter.swift in Sources */,
				7E6AA2342A79DFB300D9FFB7 /* FavoriteViewController.swift in Sources */,
				7E5AC1D9299DDC2B00FFAA0D /* AboutCellModel.swift in Sources */,
				7E652F7F2A823D710019FE96 /* FavoriteTableViewCell.swift in Sources */,
				7E47C379299768B700CFFB54 /* MovesTableViewCell.swift in Sources */,
				7E188239299147AC00C6CB64 /* PokemonCollectionViewCell.swift in Sources */,
				7E7FFC9A2A74B09E00FC1910 /* ProfilePresenter.swift in Sources */,
				7E47C3ED2997F67200CFFB54 /* CustomError+Extensions.swift in Sources */,
				7E47C3EB2997F3A500CFFB54 /* RemoteDataSource.swift in Sources */,
				7E47C3BA2997ACC400CFFB54 /* PokemonPageResponse.swift in Sources */,
				7EE1329D299A5B8700FFB47B /* HomeRouter.swift in Sources */,
				7EE13293299A551200FFB47B /* Injection.swift in Sources */,
				7E444BF22A97362200F3C971 /* HomePokemonPresenter.swift in Sources */,
				7E5AC1DB299E09BC00FFAA0D /* String+Extension.swift in Sources */,
				7E47C3F12997F92D00CFFB54 /* PokemonDetailResponse.swift in Sources */,
				7E393A39299BAB250033920C /* PokemonConverter.swift in Sources */,
				7E6AA23A2A7A49BA00D9FFB7 /* LocalDataSource.swift in Sources */,
				7E47C377299754AE00CFFB54 /* BaseStatTableViewCell.swift in Sources */,
				7E393A42299BDBC50033920C /* DetailPokemonPresenter.swift in Sources */,
				7E5AC1D7299DD3A500FFAA0D /* AboutTableViewCell.swift in Sources */,
				7E02475A2996A75500EECAA9 /* MovesSubViewController.swift in Sources */,
				7E18CC652A8111560067D78D /* FavoriteInteractor.swift in Sources */,
				7E393A44299BE1C30033920C /* DetailPokemonInteractor.swift in Sources */,
				7E6F941F2990110E004B2537 /* HomeViewController.swift in Sources */,
				7E393A40299BDBBA0033920C /* DetailPokemonRouter.swift in Sources */,
				7E47C3B4299779C700CFFB54 /* UIFont+Extensions.swift in Sources */,
				7E5AC1DE299E135B00FFAA0D /* APICall.swift in Sources */,
				7E0247562996A71300EECAA9 /* AboutSubViewController.swift in Sources */,
				7E7FFC9C2A74B0AE00FC1910 /* ProfileRouter.swift in Sources */,
			);
			runOnlyForDeploymentPostprocessing = 0;
		};
		7EE1BC232A86851900881C1E /* Sources */ = {
			isa = PBXSourcesBuildPhase;
			buildActionMask = 2147483647;
			files = (
				7EE1BC342A868A0400881C1E /* DummyData.swift in Sources */,
				7E8DD6AE2A86DA4B009C557A /* MockPokemonRepository.swift in Sources */,
				7E1F865B2A8707C200A84B69 /* DetailPokemonUseCaseTests.swift in Sources */,
				7EE1BC322A8686EE00881C1E /* HomeUseCaseTests.swift in Sources */,
				7E1F86572A86FD0200A84B69 /* FavoriteUseCase.swift in Sources */,
			);
			runOnlyForDeploymentPostprocessing = 0;
		};
/* End PBXSourcesBuildPhase section */

/* Begin PBXTargetDependency section */
		7EE1BC2C2A86851900881C1E /* PBXTargetDependency */ = {
			isa = PBXTargetDependency;
			target = 7E6F9405299010BA004B2537 /* Pokepedia */;
			targetProxy = 7EE1BC2B2A86851900881C1E /* PBXContainerItemProxy */;
		};
/* End PBXTargetDependency section */

/* Begin PBXVariantGroup section */
		7E6F9414299010BB004B2537 /* LaunchScreen.storyboard */ = {
			isa = PBXVariantGroup;
			children = (
				7E6F9415299010BB004B2537 /* Base */,
			);
			name = LaunchScreen.storyboard;
			sourceTree = "<group>";
		};
/* End PBXVariantGroup section */

/* Begin XCBuildConfiguration section */
		7E6F9418299010BB004B2537 /* Debug */ = {
			isa = XCBuildConfiguration;
			buildSettings = {
				ALWAYS_SEARCH_USER_PATHS = NO;
				CLANG_ANALYZER_NONNULL = YES;
				CLANG_ANALYZER_NUMBER_OBJECT_CONVERSION = YES_AGGRESSIVE;
				CLANG_CXX_LANGUAGE_STANDARD = "gnu++20";
				CLANG_ENABLE_MODULES = YES;
				CLANG_ENABLE_OBJC_ARC = YES;
				CLANG_ENABLE_OBJC_WEAK = YES;
				CLANG_WARN_BLOCK_CAPTURE_AUTORELEASING = YES;
				CLANG_WARN_BOOL_CONVERSION = YES;
				CLANG_WARN_COMMA = YES;
				CLANG_WARN_CONSTANT_CONVERSION = YES;
				CLANG_WARN_DEPRECATED_OBJC_IMPLEMENTATIONS = YES;
				CLANG_WARN_DIRECT_OBJC_ISA_USAGE = YES_ERROR;
				CLANG_WARN_DOCUMENTATION_COMMENTS = YES;
				CLANG_WARN_EMPTY_BODY = YES;
				CLANG_WARN_ENUM_CONVERSION = YES;
				CLANG_WARN_INFINITE_RECURSION = YES;
				CLANG_WARN_INT_CONVERSION = YES;
				CLANG_WARN_NON_LITERAL_NULL_CONVERSION = YES;
				CLANG_WARN_OBJC_IMPLICIT_RETAIN_SELF = YES;
				CLANG_WARN_OBJC_LITERAL_CONVERSION = YES;
				CLANG_WARN_OBJC_ROOT_CLASS = YES_ERROR;
				CLANG_WARN_QUOTED_INCLUDE_IN_FRAMEWORK_HEADER = YES;
				CLANG_WARN_RANGE_LOOP_ANALYSIS = YES;
				CLANG_WARN_STRICT_PROTOTYPES = YES;
				CLANG_WARN_SUSPICIOUS_MOVE = YES;
				CLANG_WARN_UNGUARDED_AVAILABILITY = YES_AGGRESSIVE;
				CLANG_WARN_UNREACHABLE_CODE = YES;
				CLANG_WARN__DUPLICATE_METHOD_MATCH = YES;
				COPY_PHASE_STRIP = NO;
				DEBUG_INFORMATION_FORMAT = dwarf;
				ENABLE_STRICT_OBJC_MSGSEND = YES;
				ENABLE_TESTABILITY = YES;
				GCC_C_LANGUAGE_STANDARD = gnu11;
				GCC_DYNAMIC_NO_PIC = NO;
				GCC_NO_COMMON_BLOCKS = YES;
				GCC_OPTIMIZATION_LEVEL = 0;
				GCC_PREPROCESSOR_DEFINITIONS = (
					"DEBUG=1",
					"$(inherited)",
				);
				GCC_WARN_64_TO_32_BIT_CONVERSION = YES;
				GCC_WARN_ABOUT_RETURN_TYPE = YES_ERROR;
				GCC_WARN_UNDECLARED_SELECTOR = YES;
				GCC_WARN_UNINITIALIZED_AUTOS = YES_AGGRESSIVE;
				GCC_WARN_UNUSED_FUNCTION = YES;
				GCC_WARN_UNUSED_VARIABLE = YES;
				IPHONEOS_DEPLOYMENT_TARGET = 16.2;
				MTL_ENABLE_DEBUG_INFO = INCLUDE_SOURCE;
				MTL_FAST_MATH = YES;
				ONLY_ACTIVE_ARCH = YES;
				SDKROOT = iphoneos;
				SWIFT_ACTIVE_COMPILATION_CONDITIONS = DEBUG;
				SWIFT_OPTIMIZATION_LEVEL = "-Onone";
			};
			name = Debug;
		};
		7E6F9419299010BB004B2537 /* Release */ = {
			isa = XCBuildConfiguration;
			buildSettings = {
				ALWAYS_SEARCH_USER_PATHS = NO;
				CLANG_ANALYZER_NONNULL = YES;
				CLANG_ANALYZER_NUMBER_OBJECT_CONVERSION = YES_AGGRESSIVE;
				CLANG_CXX_LANGUAGE_STANDARD = "gnu++20";
				CLANG_ENABLE_MODULES = YES;
				CLANG_ENABLE_OBJC_ARC = YES;
				CLANG_ENABLE_OBJC_WEAK = YES;
				CLANG_WARN_BLOCK_CAPTURE_AUTORELEASING = YES;
				CLANG_WARN_BOOL_CONVERSION = YES;
				CLANG_WARN_COMMA = YES;
				CLANG_WARN_CONSTANT_CONVERSION = YES;
				CLANG_WARN_DEPRECATED_OBJC_IMPLEMENTATIONS = YES;
				CLANG_WARN_DIRECT_OBJC_ISA_USAGE = YES_ERROR;
				CLANG_WARN_DOCUMENTATION_COMMENTS = YES;
				CLANG_WARN_EMPTY_BODY = YES;
				CLANG_WARN_ENUM_CONVERSION = YES;
				CLANG_WARN_INFINITE_RECURSION = YES;
				CLANG_WARN_INT_CONVERSION = YES;
				CLANG_WARN_NON_LITERAL_NULL_CONVERSION = YES;
				CLANG_WARN_OBJC_IMPLICIT_RETAIN_SELF = YES;
				CLANG_WARN_OBJC_LITERAL_CONVERSION = YES;
				CLANG_WARN_OBJC_ROOT_CLASS = YES_ERROR;
				CLANG_WARN_QUOTED_INCLUDE_IN_FRAMEWORK_HEADER = YES;
				CLANG_WARN_RANGE_LOOP_ANALYSIS = YES;
				CLANG_WARN_STRICT_PROTOTYPES = YES;
				CLANG_WARN_SUSPICIOUS_MOVE = YES;
				CLANG_WARN_UNGUARDED_AVAILABILITY = YES_AGGRESSIVE;
				CLANG_WARN_UNREACHABLE_CODE = YES;
				CLANG_WARN__DUPLICATE_METHOD_MATCH = YES;
				COPY_PHASE_STRIP = NO;
				DEBUG_INFORMATION_FORMAT = "dwarf-with-dsym";
				ENABLE_NS_ASSERTIONS = NO;
				ENABLE_STRICT_OBJC_MSGSEND = YES;
				GCC_C_LANGUAGE_STANDARD = gnu11;
				GCC_NO_COMMON_BLOCKS = YES;
				GCC_WARN_64_TO_32_BIT_CONVERSION = YES;
				GCC_WARN_ABOUT_RETURN_TYPE = YES_ERROR;
				GCC_WARN_UNDECLARED_SELECTOR = YES;
				GCC_WARN_UNINITIALIZED_AUTOS = YES_AGGRESSIVE;
				GCC_WARN_UNUSED_FUNCTION = YES;
				GCC_WARN_UNUSED_VARIABLE = YES;
				IPHONEOS_DEPLOYMENT_TARGET = 16.2;
				MTL_ENABLE_DEBUG_INFO = NO;
				MTL_FAST_MATH = YES;
				SDKROOT = iphoneos;
				SWIFT_COMPILATION_MODE = wholemodule;
				SWIFT_OPTIMIZATION_LEVEL = "-O";
				VALIDATE_PRODUCT = YES;
			};
			name = Release;
		};
		7E6F941B299010BB004B2537 /* Debug */ = {
			isa = XCBuildConfiguration;
			buildSettings = {
				ASSETCATALOG_COMPILER_APPICON_NAME = AppIcon;
				ASSETCATALOG_COMPILER_GLOBAL_ACCENT_COLOR_NAME = AccentColor;
				CODE_SIGN_IDENTITY = "Apple Development";
				CODE_SIGN_STYLE = Automatic;
				CURRENT_PROJECT_VERSION = 1;
				DEVELOPMENT_TEAM = 3F8C4P2T95;
				GENERATE_INFOPLIST_FILE = YES;
				INFOPLIST_FILE = Pokepedia/Info.plist;
				INFOPLIST_KEY_UIApplicationSupportsIndirectInputEvents = YES;
				INFOPLIST_KEY_UILaunchStoryboardName = LaunchScreen;
				INFOPLIST_KEY_UISupportedInterfaceOrientations_iPad = "UIInterfaceOrientationPortrait UIInterfaceOrientationPortraitUpsideDown UIInterfaceOrientationLandscapeLeft UIInterfaceOrientationLandscapeRight";
				INFOPLIST_KEY_UISupportedInterfaceOrientations_iPhone = "UIInterfaceOrientationPortrait UIInterfaceOrientationLandscapeLeft UIInterfaceOrientationLandscapeRight";
				LD_RUNPATH_SEARCH_PATHS = (
					"$(inherited)",
					"@executable_path/Frameworks",
				);
				MARKETING_VERSION = 1.0;
				PRODUCT_BUNDLE_IDENTIFIER = com.rivaldofez.Pokepedia;
				PRODUCT_NAME = "$(TARGET_NAME)";
				PROVISIONING_PROFILE_SPECIFIER = "";
				SWIFT_EMIT_LOC_STRINGS = YES;
				SWIFT_VERSION = 5.0;
				TARGETED_DEVICE_FAMILY = "1,2";
			};
			name = Debug;
		};
		7E6F941C299010BB004B2537 /* Release */ = {
			isa = XCBuildConfiguration;
			buildSettings = {
				ASSETCATALOG_COMPILER_APPICON_NAME = AppIcon;
				ASSETCATALOG_COMPILER_GLOBAL_ACCENT_COLOR_NAME = AccentColor;
				CODE_SIGN_IDENTITY = "Apple Development";
				CODE_SIGN_STYLE = Automatic;
				CURRENT_PROJECT_VERSION = 1;
				DEVELOPMENT_TEAM = 3F8C4P2T95;
				GENERATE_INFOPLIST_FILE = YES;
				INFOPLIST_FILE = Pokepedia/Info.plist;
				INFOPLIST_KEY_UIApplicationSupportsIndirectInputEvents = YES;
				INFOPLIST_KEY_UILaunchStoryboardName = LaunchScreen;
				INFOPLIST_KEY_UISupportedInterfaceOrientations_iPad = "UIInterfaceOrientationPortrait UIInterfaceOrientationPortraitUpsideDown UIInterfaceOrientationLandscapeLeft UIInterfaceOrientationLandscapeRight";
				INFOPLIST_KEY_UISupportedInterfaceOrientations_iPhone = "UIInterfaceOrientationPortrait UIInterfaceOrientationLandscapeLeft UIInterfaceOrientationLandscapeRight";
				LD_RUNPATH_SEARCH_PATHS = (
					"$(inherited)",
					"@executable_path/Frameworks",
				);
				MARKETING_VERSION = 1.0;
				PRODUCT_BUNDLE_IDENTIFIER = com.rivaldofez.Pokepedia;
				PRODUCT_NAME = "$(TARGET_NAME)";
				PROVISIONING_PROFILE_SPECIFIER = "";
				SWIFT_EMIT_LOC_STRINGS = YES;
				SWIFT_VERSION = 5.0;
				TARGETED_DEVICE_FAMILY = "1,2";
			};
			name = Release;
		};
		7EE1BC2D2A86851900881C1E /* Debug */ = {
			isa = XCBuildConfiguration;
			buildSettings = {
				BUNDLE_LOADER = "$(TEST_HOST)";
				CODE_SIGN_STYLE = Automatic;
				CURRENT_PROJECT_VERSION = 1;
				DEVELOPMENT_TEAM = 3F8C4P2T95;
				GENERATE_INFOPLIST_FILE = YES;
				IPHONEOS_DEPLOYMENT_TARGET = 16.4;
				MARKETING_VERSION = 1.0;
				PRODUCT_BUNDLE_IDENTIFIER = com.rivaldofez.PokepediaTests;
				PRODUCT_NAME = "$(TARGET_NAME)";
				SWIFT_EMIT_LOC_STRINGS = NO;
				SWIFT_VERSION = 5.0;
				TARGETED_DEVICE_FAMILY = "1,2";
				TEST_HOST = "$(BUILT_PRODUCTS_DIR)/Pokepedia.app/$(BUNDLE_EXECUTABLE_FOLDER_PATH)/Pokepedia";
			};
			name = Debug;
		};
		7EE1BC2E2A86851900881C1E /* Release */ = {
			isa = XCBuildConfiguration;
			buildSettings = {
				BUNDLE_LOADER = "$(TEST_HOST)";
				CODE_SIGN_STYLE = Automatic;
				CURRENT_PROJECT_VERSION = 1;
				DEVELOPMENT_TEAM = 3F8C4P2T95;
				GENERATE_INFOPLIST_FILE = YES;
				IPHONEOS_DEPLOYMENT_TARGET = 16.4;
				MARKETING_VERSION = 1.0;
				PRODUCT_BUNDLE_IDENTIFIER = com.rivaldofez.PokepediaTests;
				PRODUCT_NAME = "$(TARGET_NAME)";
				SWIFT_EMIT_LOC_STRINGS = NO;
				SWIFT_VERSION = 5.0;
				TARGETED_DEVICE_FAMILY = "1,2";
				TEST_HOST = "$(BUILT_PRODUCTS_DIR)/Pokepedia.app/$(BUNDLE_EXECUTABLE_FOLDER_PATH)/Pokepedia";
			};
			name = Release;
		};
/* End XCBuildConfiguration section */

/* Begin XCConfigurationList section */
		7E6F9401299010BA004B2537 /* Build configuration list for PBXProject "Pokepedia" */ = {
			isa = XCConfigurationList;
			buildConfigurations = (
				7E6F9418299010BB004B2537 /* Debug */,
				7E6F9419299010BB004B2537 /* Release */,
			);
			defaultConfigurationIsVisible = 0;
			defaultConfigurationName = Release;
		};
		7E6F941A299010BB004B2537 /* Build configuration list for PBXNativeTarget "Pokepedia" */ = {
			isa = XCConfigurationList;
			buildConfigurations = (
				7E6F941B299010BB004B2537 /* Debug */,
				7E6F941C299010BB004B2537 /* Release */,
			);
			defaultConfigurationIsVisible = 0;
			defaultConfigurationName = Release;
		};
		7EE1BC2F2A86851900881C1E /* Build configuration list for PBXNativeTarget "PokepediaTests" */ = {
			isa = XCConfigurationList;
			buildConfigurations = (
				7EE1BC2D2A86851900881C1E /* Debug */,
				7EE1BC2E2A86851900881C1E /* Release */,
			);
			defaultConfigurationIsVisible = 0;
			defaultConfigurationName = Release;
		};
/* End XCConfigurationList section */

/* Begin XCRemoteSwiftPackageReference section */
		7E584DDF2A95F9BF00CF4445 /* XCRemoteSwiftPackageReference "lottie-spm" */ = {
			isa = XCRemoteSwiftPackageReference;
			repositoryURL = "https://github.com/airbnb/lottie-spm.git";
			requirement = {
				kind = upToNextMajorVersion;
				minimumVersion = 4.0.0;
			};
		};
		7E815FE92A95FC9F00F6D3BD /* XCRemoteSwiftPackageReference "SDWebImage" */ = {
			isa = XCRemoteSwiftPackageReference;
			repositoryURL = "https://github.com/SDWebImage/SDWebImage.git";
			requirement = {
				kind = upToNextMajorVersion;
				minimumVersion = 5.0.0;
			};
		};
		7E81601D2A9607F800F6D3BD /* XCRemoteSwiftPackageReference "Charts" */ = {
			isa = XCRemoteSwiftPackageReference;
			repositoryURL = "https://github.com/danielgindi/Charts.git";
			requirement = {
				kind = upToNextMajorVersion;
				minimumVersion = 5.0.0;
			};
		};
/* End XCRemoteSwiftPackageReference section */

/* Begin XCSwiftPackageProductDependency section */
		7E444BED2A97303300F3C971 /* PokepediaPokemon */ = {
			isa = XCSwiftPackageProductDependency;
			productName = PokepediaPokemon;
		};
		7E584DE02A95F9BF00CF4445 /* Lottie */ = {
			isa = XCSwiftPackageProductDependency;
			package = 7E584DDF2A95F9BF00CF4445 /* XCRemoteSwiftPackageReference "lottie-spm" */;
			productName = Lottie;
		};
		7E5B1B052A95F751003F561A /* PokepediaCore */ = {
			isa = XCSwiftPackageProductDependency;
			productName = PokepediaCore;
		};
		7E5B1B072A95F751003F561A /* PokepediaSpecies */ = {
			isa = XCSwiftPackageProductDependency;
			productName = PokepediaSpecies;
		};
		7E815FEA2A95FC9F00F6D3BD /* SDWebImage */ = {
			isa = XCSwiftPackageProductDependency;
			package = 7E815FE92A95FC9F00F6D3BD /* XCRemoteSwiftPackageReference "SDWebImage" */;
			productName = SDWebImage;
		};
		7E81601E2A9607F800F6D3BD /* DGCharts */ = {
			isa = XCSwiftPackageProductDependency;
			package = 7E81601D2A9607F800F6D3BD /* XCRemoteSwiftPackageReference "Charts" */;
			productName = DGCharts;
		};
/* End XCSwiftPackageProductDependency section */
	};
	rootObject = 7E6F93FE299010BA004B2537 /* Project object */;
}
